// !$*UTF8*$!
{
	archiveVersion = 1;
	classes = {
	};
	objectVersion = 54;
	objects = {

/* Begin PBXBuildFile section */
		09491AEF261D30A400CF8073 /* String+Empty.swift in Sources */ = {isa = PBXBuildFile; fileRef = 09491AEE261D30A400CF8073 /* String+Empty.swift */; };
		5B7EED97293D903A002A44D0 /* ImportFilterListContainerView.swift in Sources */ = {isa = PBXBuildFile; fileRef = 5B7EED96293D903A002A44D0 /* ImportFilterListContainerView.swift */; };
		5B7EED99293D9061002A44D0 /* ImportFilterListView.swift in Sources */ = {isa = PBXBuildFile; fileRef = 5B7EED98293D9061002A44D0 /* ImportFilterListView.swift */; };
		D60A19C724A69F1F0002E8BD /* SMSMessage.swift in Sources */ = {isa = PBXBuildFile; fileRef = D60A19C624A69F1F0002E8BD /* SMSMessage.swift */; };
		D60A19C824A6A2C80002E8BD /* SMSMessage.swift in Sources */ = {isa = PBXBuildFile; fileRef = D60A19C624A69F1F0002E8BD /* SMSMessage.swift */; };
		D61497E924E4430E00AF997E /* FilterAction.swift in Sources */ = {isa = PBXBuildFile; fileRef = D61497E824E4430E00AF997E /* FilterAction.swift */; };
		D61497EC24E4433800AF997E /* FilterReducer.swift in Sources */ = {isa = PBXBuildFile; fileRef = D61497EB24E4433800AF997E /* FilterReducer.swift */; };
		D61497EE24E4435100AF997E /* AppReducer.swift in Sources */ = {isa = PBXBuildFile; fileRef = D61497ED24E4435100AF997E /* AppReducer.swift */; };
		D61497F024E4438000AF997E /* AppAction.swift in Sources */ = {isa = PBXBuildFile; fileRef = D61497EF24E4438000AF997E /* AppAction.swift */; };
		D615898A24A55FF800FE710A /* BaseView.swift in Sources */ = {isa = PBXBuildFile; fileRef = D615898924A55FF800FE710A /* BaseView.swift */; };
		D616A7F129F42E2900D5523F /* FilterV1.swift in Sources */ = {isa = PBXBuildFile; fileRef = D616A7F029F42E2900D5523F /* FilterV1.swift */; };
		D616A7F329F42EEC00D5523F /* FilterStoreFileMigrator.swift in Sources */ = {isa = PBXBuildFile; fileRef = D616A7F229F42EEC00D5523F /* FilterStoreFileMigrator.swift */; };
		D617B44A24EB19C8009E0D40 /* AppSettingsDefaultsTests.swift in Sources */ = {isa = PBXBuildFile; fileRef = D617B44924EB19C8009E0D40 /* AppSettingsDefaultsTests.swift */; };
		D621CB4324ABABF6008883AA /* Localizable.strings in Resources */ = {isa = PBXBuildFile; fileRef = D621CB4524ABABF6008883AA /* Localizable.strings */; };
		D6233A7224A650B700B37A6A /* MessageFilterExtension.swift in Sources */ = {isa = PBXBuildFile; fileRef = D6233A7124A650B700B37A6A /* MessageFilterExtension.swift */; };
		D6233A7624A650B700B37A6A /* SMSFilter.appex in Embed Foundation Extensions */ = {isa = PBXBuildFile; fileRef = D6233A6F24A650B700B37A6A /* SMSFilter.appex */; settings = {ATTRIBUTES = (RemoveHeadersOnCopy, ); }; };
		D6233A7F24A651A200B37A6A /* SMSOfflineFilter.swift in Sources */ = {isa = PBXBuildFile; fileRef = D6233A7D24A651A200B37A6A /* SMSOfflineFilter.swift */; };
		D6233A8124A6538D00B37A6A /* SMSOfflineFilter.swift in Sources */ = {isa = PBXBuildFile; fileRef = D6233A7D24A651A200B37A6A /* SMSOfflineFilter.swift */; };
		D6233A8324A653F200B37A6A /* FilterStoreFile.swift in Sources */ = {isa = PBXBuildFile; fileRef = D6529FC824A54ADE009AE3FF /* FilterStoreFile.swift */; };
		D62B331B24BAB16C002DFB81 /* ReviewService.swift in Sources */ = {isa = PBXBuildFile; fileRef = D62B331A24BAB16C002DFB81 /* ReviewService.swift */; };
		D62B331D24BAB18E002DFB81 /* RatingServiceDefault.swift in Sources */ = {isa = PBXBuildFile; fileRef = D62B331C24BAB18E002DFB81 /* RatingServiceDefault.swift */; };
		D644F1EC24E59FBE006C5EE2 /* FilterDetailContainerView.swift in Sources */ = {isa = PBXBuildFile; fileRef = D644F1EB24E59FBE006C5EE2 /* FilterDetailContainerView.swift */; };
		D644F1EE24E59FC9006C5EE2 /* FilterDetailView.swift in Sources */ = {isa = PBXBuildFile; fileRef = D644F1ED24E59FC9006C5EE2 /* FilterDetailView.swift */; };
		D6529F7324A41371009AE3FF /* BouncerApp.swift in Sources */ = {isa = PBXBuildFile; fileRef = D6529F7224A41371009AE3FF /* BouncerApp.swift */; };
		D6529F7A24A41372009AE3FF /* Preview Assets.xcassets in Resources */ = {isa = PBXBuildFile; fileRef = D6529F7924A41372009AE3FF /* Preview Assets.xcassets */; };
		D6529F9F24A413A6009AE3FF /* TutorialView.swift in Sources */ = {isa = PBXBuildFile; fileRef = D6529F9E24A413A6009AE3FF /* TutorialView.swift */; };
		D6529FA424A413EB009AE3FF /* BackgroundView.swift in Sources */ = {isa = PBXBuildFile; fileRef = D6529FA324A413EB009AE3FF /* BackgroundView.swift */; };
		D6529FC324A54AAD009AE3FF /* FilterListView.swift in Sources */ = {isa = PBXBuildFile; fileRef = D6529FC224A54AAD009AE3FF /* FilterListView.swift */; };
		D6529FCB24A54ADE009AE3FF /* FilterStoreFile.swift in Sources */ = {isa = PBXBuildFile; fileRef = D6529FC824A54ADE009AE3FF /* FilterStoreFile.swift */; };
		D6625F3A2D9A122C005D05BF /* Config.swift in Sources */ = {isa = PBXBuildFile; fileRef = D6625F342D9A122C005D05BF /* Config.swift */; };
		D6625F3B2D9A122C005D05BF /* Constants.swift in Sources */ = {isa = PBXBuildFile; fileRef = D6625F362D9A122C005D05BF /* Constants.swift */; };
		D6625F3C2D9A122C005D05BF /* Config.swift.example in Resources */ = {isa = PBXBuildFile; fileRef = D6625F352D9A122C005D05BF /* Config.swift.example */; };
		D664B24424AA92AA00EB826D /* Colors.xcassets in Resources */ = {isa = PBXBuildFile; fileRef = D664B24324AA92AA00EB826D /* Colors.xcassets */; };
		D664B24624AA92D200EB826D /* Assets.xcassets in Resources */ = {isa = PBXBuildFile; fileRef = D664B24524AA92D200EB826D /* Assets.xcassets */; };
		D664B24824AA998700EB826D /* UIImage+Gradient.swift in Sources */ = {isa = PBXBuildFile; fileRef = D664B24724AA998700EB826D /* UIImage+Gradient.swift */; };
		D66A7C2924EB3F8C00349C3F /* SMSOfflineFilterTests.swift in Sources */ = {isa = PBXBuildFile; fileRef = D66A7C2824EB3F8C00349C3F /* SMSOfflineFilterTests.swift */; };
		D66E4EB92D99CD1F007244FA /* Auth in Frameworks */ = {isa = PBXBuildFile; productRef = D66E4EB82D99CD1F007244FA /* Auth */; };
		D66E4EBB2D99CD1F007244FA /* Functions in Frameworks */ = {isa = PBXBuildFile; productRef = D66E4EBA2D99CD1F007244FA /* Functions */; };
		D66E4EBD2D99CD1F007244FA /* PostgREST in Frameworks */ = {isa = PBXBuildFile; productRef = D66E4EBC2D99CD1F007244FA /* PostgREST */; };
		D66E4EBF2D99CD1F007244FA /* Realtime in Frameworks */ = {isa = PBXBuildFile; productRef = D66E4EBE2D99CD1F007244FA /* Realtime */; };
		D66E4EC12D99CD1F007244FA /* Storage in Frameworks */ = {isa = PBXBuildFile; productRef = D66E4EC02D99CD1F007244FA /* Storage */; };
		D66E4ECA2D99CF2B007244FA /* Supabase in Frameworks */ = {isa = PBXBuildFile; productRef = D66E4EC92D99CF2B007244FA /* Supabase */; };
		D673E75224C68404008B1072 /* FilterTypes.swift in Sources */ = {isa = PBXBuildFile; fileRef = D673E75124C68404008B1072 /* FilterTypes.swift */; };
		D679D67424AA758C00579223 /* Constants.swift in Sources */ = {isa = PBXBuildFile; fileRef = D679D67324AA758C00579223 /* Constants.swift */; };
		D67F582E24E4496300165365 /* AppSettingsDefaults.swift in Sources */ = {isa = PBXBuildFile; fileRef = D67F582C24E4496300165365 /* AppSettingsDefaults.swift */; };
		D67F582F24E4496300165365 /* AppSettingsStore.swift in Sources */ = {isa = PBXBuildFile; fileRef = D67F582D24E4496300165365 /* AppSettingsStore.swift */; };
		D696D0C528D92153002FB15E /* AppIcon.xcassets in Resources */ = {isa = PBXBuildFile; fileRef = D696D0C428D92153002FB15E /* AppIcon.xcassets */; };
		D6A388892D9A0B7C00CEA386 /* AnalyticsService.swift in Sources */ = {isa = PBXBuildFile; fileRef = D6A388882D9A0B7C00CEA386 /* AnalyticsService.swift */; };
		D6A3888D2D9A0FCA00CEA386 /* AnalyticsServiceTests.swift in Sources */ = {isa = PBXBuildFile; fileRef = D6A3888C2D9A0FCA00CEA386 /* AnalyticsServiceTests.swift */; };
		D6B2CC8D24EF16C6004F72C4 /* wordlist.filter in Resources */ = {isa = PBXBuildFile; fileRef = D6B2CC8C24EF16C6004F72C4 /* wordlist.filter */; };
		D6B790C629F52BEE00613F98 /* ContactView.swift in Sources */ = {isa = PBXBuildFile; fileRef = D6B790C529F52BEE00613F98 /* ContactView.swift */; };
		D6BE8B8728CFE0C3004E7274 /* OSLog.swift in Sources */ = {isa = PBXBuildFile; fileRef = D6BE8B8628CFE0C3004E7274 /* OSLog.swift */; };
		D6BE8B8828CFE230004E7274 /* OSLog.swift in Sources */ = {isa = PBXBuildFile; fileRef = D6BE8B8628CFE0C3004E7274 /* OSLog.swift */; };
		D6C90BF224CAAF7B00426B31 /* AppState.swift in Sources */ = {isa = PBXBuildFile; fileRef = D6C90BF124CAAF7B00426B31 /* AppState.swift */; };
		D6C90BF424CAB26700426B31 /* AppStore.swift in Sources */ = {isa = PBXBuildFile; fileRef = D6C90BF324CAB26700426B31 /* AppStore.swift */; };
		D6C90BF624CB36AE00426B31 /* FilterRowView.swift in Sources */ = {isa = PBXBuildFile; fileRef = D6C90BF524CB36AD00426B31 /* FilterRowView.swift */; };
		D6CC124B24E452E100388160 /* TutorialContainerView.swift in Sources */ = {isa = PBXBuildFile; fileRef = D6CC124A24E452E100388160 /* TutorialContainerView.swift */; };
		D6CC124D24E4563F00388160 /* SettingsAction.swift in Sources */ = {isa = PBXBuildFile; fileRef = D6CC124C24E4563F00388160 /* SettingsAction.swift */; };
		D6CC124F24E47C3900388160 /* SettingsMiddleware.swift in Sources */ = {isa = PBXBuildFile; fileRef = D6CC124E24E47C3900388160 /* SettingsMiddleware.swift */; };
		D6CC125124E4837800388160 /* SettingsReducer.swift in Sources */ = {isa = PBXBuildFile; fileRef = D6CC125024E4837800388160 /* SettingsReducer.swift */; };
		D6EA9A8224AD2201000135E7 /* SMSFiltering.swift in Sources */ = {isa = PBXBuildFile; fileRef = D6EA9A8124AD2201000135E7 /* SMSFiltering.swift */; };
		D6EA9A8424AD2244000135E7 /* FilterStore.swift in Sources */ = {isa = PBXBuildFile; fileRef = D6EA9A8324AD2244000135E7 /* FilterStore.swift */; };
		D6EA9A8524AD2319000135E7 /* FilterStore.swift in Sources */ = {isa = PBXBuildFile; fileRef = D6EA9A8324AD2244000135E7 /* FilterStore.swift */; };
		D6F0621124EC69F800F47BA2 /* FilterStoreFileTests.swift in Sources */ = {isa = PBXBuildFile; fileRef = D6F0621024EC69F800F47BA2 /* FilterStoreFileTests.swift */; };
		D6F14E8824E8A1780029A0DF /* ReviewMiddleware.swift in Sources */ = {isa = PBXBuildFile; fileRef = D6F14E8724E8A1780029A0DF /* ReviewMiddleware.swift */; };
		D6F184BC29F490430018FB7F /* FilterStoreFileMigrator.swift in Sources */ = {isa = PBXBuildFile; fileRef = D616A7F229F42EEC00D5523F /* FilterStoreFileMigrator.swift */; };
		D6F184BD29F4904E0018FB7F /* FilterV1.swift in Sources */ = {isa = PBXBuildFile; fileRef = D616A7F029F42E2900D5523F /* FilterV1.swift */; };
		D6FC672924E49B2B0083C9FA /* FilterListContainerView.swift in Sources */ = {isa = PBXBuildFile; fileRef = D6FC672824E49B2B0083C9FA /* FilterListContainerView.swift */; };
		D6FC672E24E4ACCF0083C9FA /* FilterMiddleware.swift in Sources */ = {isa = PBXBuildFile; fileRef = D6FC672D24E4ACCF0083C9FA /* FilterMiddleware.swift */; };
/* End PBXBuildFile section */

/* Begin PBXContainerItemProxy section */
		D6233A7424A650B700B37A6A /* PBXContainerItemProxy */ = {
			isa = PBXContainerItemProxy;
			containerPortal = D6529F6724A41371009AE3FF /* Project object */;
			proxyType = 1;
			remoteGlobalIDString = D6233A6E24A650B700B37A6A;
			remoteInfo = SMSFilter;
		};
		D6529F8124A41372009AE3FF /* PBXContainerItemProxy */ = {
			isa = PBXContainerItemProxy;
			containerPortal = D6529F6724A41371009AE3FF /* Project object */;
			proxyType = 1;
			remoteGlobalIDString = D6529F6E24A41371009AE3FF;
			remoteInfo = Bouncer;
		};
/* End PBXContainerItemProxy section */

/* Begin PBXCopyFilesBuildPhase section */
		D6233A7A24A650B700B37A6A /* Embed Foundation Extensions */ = {
			isa = PBXCopyFilesBuildPhase;
			buildActionMask = 2147483647;
			dstPath = "";
			dstSubfolderSpec = 13;
			files = (
				D6233A7624A650B700B37A6A /* SMSFilter.appex in Embed Foundation Extensions */,
			);
			name = "Embed Foundation Extensions";
			runOnlyForDeploymentPostprocessing = 0;
		};
/* End PBXCopyFilesBuildPhase section */

/* Begin PBXFileReference section */
		09491AEE261D30A400CF8073 /* String+Empty.swift */ = {isa = PBXFileReference; lastKnownFileType = sourcecode.swift; path = "String+Empty.swift"; sourceTree = "<group>"; };
		5B7EED96293D903A002A44D0 /* ImportFilterListContainerView.swift */ = {isa = PBXFileReference; lastKnownFileType = sourcecode.swift; path = ImportFilterListContainerView.swift; sourceTree = "<group>"; };
		5B7EED98293D9061002A44D0 /* ImportFilterListView.swift */ = {isa = PBXFileReference; lastKnownFileType = sourcecode.swift; path = ImportFilterListView.swift; sourceTree = "<group>"; };
		D60A19C624A69F1F0002E8BD /* SMSMessage.swift */ = {isa = PBXFileReference; lastKnownFileType = sourcecode.swift; path = SMSMessage.swift; sourceTree = "<group>"; };
		D61497E824E4430E00AF997E /* FilterAction.swift */ = {isa = PBXFileReference; lastKnownFileType = sourcecode.swift; path = FilterAction.swift; sourceTree = "<group>"; };
		D61497EB24E4433800AF997E /* FilterReducer.swift */ = {isa = PBXFileReference; lastKnownFileType = sourcecode.swift; path = FilterReducer.swift; sourceTree = "<group>"; };
		D61497ED24E4435100AF997E /* AppReducer.swift */ = {isa = PBXFileReference; lastKnownFileType = sourcecode.swift; path = AppReducer.swift; sourceTree = "<group>"; };
		D61497EF24E4438000AF997E /* AppAction.swift */ = {isa = PBXFileReference; lastKnownFileType = sourcecode.swift; path = AppAction.swift; sourceTree = "<group>"; };
		D615898924A55FF800FE710A /* BaseView.swift */ = {isa = PBXFileReference; lastKnownFileType = sourcecode.swift; path = BaseView.swift; sourceTree = "<group>"; };
		D616A7F029F42E2900D5523F /* FilterV1.swift */ = {isa = PBXFileReference; lastKnownFileType = sourcecode.swift; path = FilterV1.swift; sourceTree = "<group>"; };
		D616A7F229F42EEC00D5523F /* FilterStoreFileMigrator.swift */ = {isa = PBXFileReference; lastKnownFileType = sourcecode.swift; path = FilterStoreFileMigrator.swift; sourceTree = "<group>"; };
		D617B44924EB19C8009E0D40 /* AppSettingsDefaultsTests.swift */ = {isa = PBXFileReference; lastKnownFileType = sourcecode.swift; path = AppSettingsDefaultsTests.swift; sourceTree = "<group>"; };
		D621CB4424ABABF6008883AA /* es */ = {isa = PBXFileReference; lastKnownFileType = text.plist.strings; name = es; path = es.lproj/Localizable.strings; sourceTree = "<group>"; };
		D621CB4724ABC56E008883AA /* en */ = {isa = PBXFileReference; lastKnownFileType = text.plist.strings; name = en; path = en.lproj/Localizable.strings; sourceTree = "<group>"; };
		D6233A6F24A650B700B37A6A /* SMSFilter.appex */ = {isa = PBXFileReference; explicitFileType = "wrapper.app-extension"; includeInIndex = 0; path = SMSFilter.appex; sourceTree = BUILT_PRODUCTS_DIR; };
		D6233A7124A650B700B37A6A /* MessageFilterExtension.swift */ = {isa = PBXFileReference; lastKnownFileType = sourcecode.swift; path = MessageFilterExtension.swift; sourceTree = "<group>"; };
		D6233A7324A650B700B37A6A /* Info.plist */ = {isa = PBXFileReference; lastKnownFileType = text.plist.xml; path = Info.plist; sourceTree = "<group>"; };
		D6233A7D24A651A200B37A6A /* SMSOfflineFilter.swift */ = {isa = PBXFileReference; fileEncoding = 4; lastKnownFileType = sourcecode.swift; path = SMSOfflineFilter.swift; sourceTree = "<group>"; };
		D6233A8524A6553C00B37A6A /* Bouncer.entitlements */ = {isa = PBXFileReference; lastKnownFileType = text.plist.entitlements; path = Bouncer.entitlements; sourceTree = "<group>"; };
		D6233A8624A655BF00B37A6A /* SMSFilter.entitlements */ = {isa = PBXFileReference; lastKnownFileType = text.plist.entitlements; path = SMSFilter.entitlements; sourceTree = "<group>"; };
		D62B331A24BAB16C002DFB81 /* ReviewService.swift */ = {isa = PBXFileReference; lastKnownFileType = sourcecode.swift; path = ReviewService.swift; sourceTree = "<group>"; };
		D62B331C24BAB18E002DFB81 /* RatingServiceDefault.swift */ = {isa = PBXFileReference; lastKnownFileType = sourcecode.swift; path = RatingServiceDefault.swift; sourceTree = "<group>"; };
		D644F1EB24E59FBE006C5EE2 /* FilterDetailContainerView.swift */ = {isa = PBXFileReference; lastKnownFileType = sourcecode.swift; path = FilterDetailContainerView.swift; sourceTree = "<group>"; };
		D644F1ED24E59FC9006C5EE2 /* FilterDetailView.swift */ = {isa = PBXFileReference; lastKnownFileType = sourcecode.swift; path = FilterDetailView.swift; sourceTree = "<group>"; };
		D6529F6F24A41371009AE3FF /* Bouncer.app */ = {isa = PBXFileReference; explicitFileType = wrapper.application; includeInIndex = 0; path = Bouncer.app; sourceTree = BUILT_PRODUCTS_DIR; };
		D6529F7224A41371009AE3FF /* BouncerApp.swift */ = {isa = PBXFileReference; lastKnownFileType = sourcecode.swift; path = BouncerApp.swift; sourceTree = "<group>"; };
		D6529F7924A41372009AE3FF /* Preview Assets.xcassets */ = {isa = PBXFileReference; lastKnownFileType = folder.assetcatalog; path = "Preview Assets.xcassets"; sourceTree = "<group>"; };
		D6529F7B24A41372009AE3FF /* Info.plist */ = {isa = PBXFileReference; lastKnownFileType = text.plist.xml; path = Info.plist; sourceTree = "<group>"; };
		D6529F8024A41372009AE3FF /* BouncerTests.xctest */ = {isa = PBXFileReference; explicitFileType = wrapper.cfbundle; includeInIndex = 0; path = BouncerTests.xctest; sourceTree = BUILT_PRODUCTS_DIR; };
		D6529F8624A41372009AE3FF /* Info.plist */ = {isa = PBXFileReference; lastKnownFileType = text.plist.xml; path = Info.plist; sourceTree = "<group>"; };
		D6529F9E24A413A6009AE3FF /* TutorialView.swift */ = {isa = PBXFileReference; lastKnownFileType = sourcecode.swift; path = TutorialView.swift; sourceTree = "<group>"; };
		D6529FA324A413EB009AE3FF /* BackgroundView.swift */ = {isa = PBXFileReference; lastKnownFileType = sourcecode.swift; path = BackgroundView.swift; sourceTree = "<group>"; };
		D6529FC224A54AAD009AE3FF /* FilterListView.swift */ = {isa = PBXFileReference; lastKnownFileType = sourcecode.swift; path = FilterListView.swift; sourceTree = "<group>"; };
		D6529FC824A54ADE009AE3FF /* FilterStoreFile.swift */ = {isa = PBXFileReference; fileEncoding = 4; lastKnownFileType = sourcecode.swift; path = FilterStoreFile.swift; sourceTree = "<group>"; };
		D6625F342D9A122C005D05BF /* Config.swift */ = {isa = PBXFileReference; lastKnownFileType = sourcecode.swift; path = Config.swift; sourceTree = "<group>"; };
		D6625F352D9A122C005D05BF /* Config.swift.example */ = {isa = PBXFileReference; lastKnownFileType = text; path = Config.swift.example; sourceTree = "<group>"; };
		D6625F362D9A122C005D05BF /* Constants.swift */ = {isa = PBXFileReference; lastKnownFileType = sourcecode.swift; path = Constants.swift; sourceTree = "<group>"; };
		D664B24324AA92AA00EB826D /* Colors.xcassets */ = {isa = PBXFileReference; lastKnownFileType = folder.assetcatalog; path = Colors.xcassets; sourceTree = "<group>"; };
		D664B24524AA92D200EB826D /* Assets.xcassets */ = {isa = PBXFileReference; lastKnownFileType = folder.assetcatalog; path = Assets.xcassets; sourceTree = "<group>"; };
		D664B24724AA998700EB826D /* UIImage+Gradient.swift */ = {isa = PBXFileReference; lastKnownFileType = sourcecode.swift; path = "UIImage+Gradient.swift"; sourceTree = "<group>"; };
		D66A7C2824EB3F8C00349C3F /* SMSOfflineFilterTests.swift */ = {isa = PBXFileReference; lastKnownFileType = sourcecode.swift; path = SMSOfflineFilterTests.swift; sourceTree = "<group>"; };
		D673E75124C68404008B1072 /* FilterTypes.swift */ = {isa = PBXFileReference; lastKnownFileType = sourcecode.swift; path = FilterTypes.swift; sourceTree = "<group>"; };
		D679D67324AA758C00579223 /* Constants.swift */ = {isa = PBXFileReference; fileEncoding = 4; lastKnownFileType = sourcecode.swift; path = Constants.swift; sourceTree = "<group>"; };
		D67F582C24E4496300165365 /* AppSettingsDefaults.swift */ = {isa = PBXFileReference; fileEncoding = 4; lastKnownFileType = sourcecode.swift; path = AppSettingsDefaults.swift; sourceTree = "<group>"; };
		D67F582D24E4496300165365 /* AppSettingsStore.swift */ = {isa = PBXFileReference; fileEncoding = 4; lastKnownFileType = sourcecode.swift; path = AppSettingsStore.swift; sourceTree = "<group>"; };
		D696D0C428D92153002FB15E /* AppIcon.xcassets */ = {isa = PBXFileReference; lastKnownFileType = folder.assetcatalog; path = AppIcon.xcassets; sourceTree = "<group>"; };
		D6A388882D9A0B7C00CEA386 /* AnalyticsService.swift */ = {isa = PBXFileReference; lastKnownFileType = sourcecode.swift; path = AnalyticsService.swift; sourceTree = "<group>"; };
		D6A3888C2D9A0FCA00CEA386 /* AnalyticsServiceTests.swift */ = {isa = PBXFileReference; lastKnownFileType = sourcecode.swift; path = AnalyticsServiceTests.swift; sourceTree = "<group>"; };
		D6B2CC8C24EF16C6004F72C4 /* wordlist.filter */ = {isa = PBXFileReference; lastKnownFileType = file.bplist; path = wordlist.filter; sourceTree = "<group>"; };
		D6B790C529F52BEE00613F98 /* ContactView.swift */ = {isa = PBXFileReference; lastKnownFileType = sourcecode.swift; path = ContactView.swift; sourceTree = "<group>"; };
		D6BE8B8628CFE0C3004E7274 /* OSLog.swift */ = {isa = PBXFileReference; lastKnownFileType = sourcecode.swift; path = OSLog.swift; sourceTree = "<group>"; };
		D6C90BF124CAAF7B00426B31 /* AppState.swift */ = {isa = PBXFileReference; lastKnownFileType = sourcecode.swift; path = AppState.swift; sourceTree = "<group>"; };
		D6C90BF324CAB26700426B31 /* AppStore.swift */ = {isa = PBXFileReference; lastKnownFileType = sourcecode.swift; path = AppStore.swift; sourceTree = "<group>"; };
		D6C90BF524CB36AD00426B31 /* FilterRowView.swift */ = {isa = PBXFileReference; lastKnownFileType = sourcecode.swift; path = FilterRowView.swift; sourceTree = "<group>"; };
		D6CC124A24E452E100388160 /* TutorialContainerView.swift */ = {isa = PBXFileReference; lastKnownFileType = sourcecode.swift; path = TutorialContainerView.swift; sourceTree = "<group>"; };
		D6CC124C24E4563F00388160 /* SettingsAction.swift */ = {isa = PBXFileReference; lastKnownFileType = sourcecode.swift; path = SettingsAction.swift; sourceTree = "<group>"; };
		D6CC124E24E47C3900388160 /* SettingsMiddleware.swift */ = {isa = PBXFileReference; lastKnownFileType = sourcecode.swift; path = SettingsMiddleware.swift; sourceTree = "<group>"; };
		D6CC125024E4837800388160 /* SettingsReducer.swift */ = {isa = PBXFileReference; fileEncoding = 4; lastKnownFileType = sourcecode.swift; path = SettingsReducer.swift; sourceTree = "<group>"; };
		D6EA9A8124AD2201000135E7 /* SMSFiltering.swift */ = {isa = PBXFileReference; lastKnownFileType = sourcecode.swift; path = SMSFiltering.swift; sourceTree = "<group>"; };
		D6EA9A8324AD2244000135E7 /* FilterStore.swift */ = {isa = PBXFileReference; lastKnownFileType = sourcecode.swift; path = FilterStore.swift; sourceTree = "<group>"; };
		D6F0621024EC69F800F47BA2 /* FilterStoreFileTests.swift */ = {isa = PBXFileReference; lastKnownFileType = sourcecode.swift; path = FilterStoreFileTests.swift; sourceTree = "<group>"; };
		D6F14E8724E8A1780029A0DF /* ReviewMiddleware.swift */ = {isa = PBXFileReference; lastKnownFileType = sourcecode.swift; path = ReviewMiddleware.swift; sourceTree = "<group>"; };
		D6FC672824E49B2B0083C9FA /* FilterListContainerView.swift */ = {isa = PBXFileReference; lastKnownFileType = sourcecode.swift; path = FilterListContainerView.swift; sourceTree = "<group>"; };
		D6FC672D24E4ACCF0083C9FA /* FilterMiddleware.swift */ = {isa = PBXFileReference; lastKnownFileType = sourcecode.swift; path = FilterMiddleware.swift; sourceTree = "<group>"; };
/* End PBXFileReference section */

/* Begin PBXFrameworksBuildPhase section */
		D6233A6C24A650B700B37A6A /* Frameworks */ = {
			isa = PBXFrameworksBuildPhase;
			buildActionMask = 2147483647;
			files = (
			);
			runOnlyForDeploymentPostprocessing = 0;
		};
		D6529F6C24A41371009AE3FF /* Frameworks */ = {
			isa = PBXFrameworksBuildPhase;
			buildActionMask = 2147483647;
			files = (
				D66E4EBD2D99CD1F007244FA /* PostgREST in Frameworks */,
				D66E4EBB2D99CD1F007244FA /* Functions in Frameworks */,
				D66E4ECA2D99CF2B007244FA /* Supabase in Frameworks */,
				D66E4EB92D99CD1F007244FA /* Auth in Frameworks */,
				D66E4EC12D99CD1F007244FA /* Storage in Frameworks */,
				D66E4EBF2D99CD1F007244FA /* Realtime in Frameworks */,
			);
			runOnlyForDeploymentPostprocessing = 0;
		};
		D6529F7D24A41372009AE3FF /* Frameworks */ = {
			isa = PBXFrameworksBuildPhase;
			buildActionMask = 2147483647;
			files = (
			);
			runOnlyForDeploymentPostprocessing = 0;
		};
/* End PBXFrameworksBuildPhase section */

/* Begin PBXGroup section */
		D61497E724E442F100AF997E /* Actions */ = {
			isa = PBXGroup;
			children = (
				D61497EF24E4438000AF997E /* AppAction.swift */,
				D6CC124C24E4563F00388160 /* SettingsAction.swift */,
				D61497E824E4430E00AF997E /* FilterAction.swift */,
			);
			path = Actions;
			sourceTree = "<group>";
		};
		D61497EA24E4432900AF997E /* Reducers */ = {
			isa = PBXGroup;
			children = (
				D61497ED24E4435100AF997E /* AppReducer.swift */,
				D6CC125024E4837800388160 /* SettingsReducer.swift */,
				D61497EB24E4433800AF997E /* FilterReducer.swift */,
			);
			path = Reducers;
			sourceTree = "<group>";
		};
		D61497F124E443C300AF997E /* Middlewares */ = {
			isa = PBXGroup;
			children = (
				D6CC124E24E47C3900388160 /* SettingsMiddleware.swift */,
				D6FC672D24E4ACCF0083C9FA /* FilterMiddleware.swift */,
				D6F14E8724E8A1780029A0DF /* ReviewMiddleware.swift */,
			);
			path = Middlewares;
			sourceTree = "<group>";
		};
		D616A7F429F42FBB00D5523F /* LegacyModels */ = {
			isa = PBXGroup;
			children = (
				D616A7F029F42E2900D5523F /* FilterV1.swift */,
			);
			path = LegacyModels;
			sourceTree = "<group>";
		};
		D617B44824EB199B009E0D40 /* Models */ = {
			isa = PBXGroup;
			children = (
				D6A3888C2D9A0FCA00CEA386 /* AnalyticsServiceTests.swift */,
				D617B44924EB19C8009E0D40 /* AppSettingsDefaultsTests.swift */,
				D66A7C2824EB3F8C00349C3F /* SMSOfflineFilterTests.swift */,
				D6F0621024EC69F800F47BA2 /* FilterStoreFileTests.swift */,
			);
			path = Models;
			sourceTree = "<group>";
		};
		D6233A7024A650B700B37A6A /* SMSFilter */ = {
			isa = PBXGroup;
			children = (
				D6233A8624A655BF00B37A6A /* SMSFilter.entitlements */,
				D6233A7124A650B700B37A6A /* MessageFilterExtension.swift */,
				D6233A7324A650B700B37A6A /* Info.plist */,
			);
			path = SMSFilter;
			sourceTree = "<group>";
		};
		D6233A7B24A6519200B37A6A /* SMSFilter */ = {
			isa = PBXGroup;
			children = (
				D60A19C624A69F1F0002E8BD /* SMSMessage.swift */,
				D6EA9A8124AD2201000135E7 /* SMSFiltering.swift */,
				D6233A7D24A651A200B37A6A /* SMSOfflineFilter.swift */,
			);
			path = SMSFilter;
			sourceTree = "<group>";
		};
		D62B331924BAB15C002DFB81 /* ReviewService */ = {
			isa = PBXGroup;
			children = (
				D62B331A24BAB16C002DFB81 /* ReviewService.swift */,
				D62B331C24BAB18E002DFB81 /* RatingServiceDefault.swift */,
			);
			path = ReviewService;
			sourceTree = "<group>";
		};
		D63B545D24C75231005D4DAA /* Frameworks */ = {
			isa = PBXGroup;
			children = (
			);
			name = Frameworks;
			sourceTree = "<group>";
		};
		D64EB7D524CB393700FC6037 /* FilterDetail */ = {
			isa = PBXGroup;
			children = (
				D644F1EB24E59FBE006C5EE2 /* FilterDetailContainerView.swift */,
				D644F1ED24E59FC9006C5EE2 /* FilterDetailView.swift */,
			);
			path = FilterDetail;
			sourceTree = "<group>";
		};
		D6529F6624A41371009AE3FF = {
			isa = PBXGroup;
			children = (
				D6529F7124A41371009AE3FF /* Bouncer */,
				D6529F8324A41372009AE3FF /* BouncerTests */,
				D6233A7024A650B700B37A6A /* SMSFilter */,
				D6529F7024A41371009AE3FF /* Products */,
				D63B545D24C75231005D4DAA /* Frameworks */,
			);
			sourceTree = "<group>";
		};
		D6529F7024A41371009AE3FF /* Products */ = {
			isa = PBXGroup;
			children = (
				D6529F6F24A41371009AE3FF /* Bouncer.app */,
				D6529F8024A41372009AE3FF /* BouncerTests.xctest */,
				D6233A6F24A650B700B37A6A /* SMSFilter.appex */,
			);
			name = Products;
			sourceTree = "<group>";
		};
		D6529F7124A41371009AE3FF /* Bouncer */ = {
			isa = PBXGroup;
			children = (
				D6625F3E2D9A123E005D05BF /* Config */,
				D6529FD324A550A9009AE3FF /* Models */,
				D664B28624AA9E3500EB826D /* App */,
				D61497E724E442F100AF997E /* Actions */,
				D61497EA24E4432900AF997E /* Reducers */,
				D61497F124E443C300AF997E /* Middlewares */,
				D664B24924AA998C00EB826D /* Extensions */,
				D679D67224AA758400579223 /* Config */,
				D6529FA224A413D5009AE3FF /* SharedViews */,
				D67F583024E44B0E00165365 /* Views */,
				D6233A8524A6553C00B37A6A /* Bouncer.entitlements */,
				D664B24524AA92D200EB826D /* Assets.xcassets */,
				D664B24324AA92AA00EB826D /* Colors.xcassets */,
				D6529F7B24A41372009AE3FF /* Info.plist */,
				D6529F7824A41372009AE3FF /* Preview Content */,
				D621CB4524ABABF6008883AA /* Localizable.strings */,
				D696D0C428D92153002FB15E /* AppIcon.xcassets */,
			);
			path = Bouncer;
			sourceTree = "<group>";
		};
		D6529F7824A41372009AE3FF /* Preview Content */ = {
			isa = PBXGroup;
			children = (
				D6529F7924A41372009AE3FF /* Preview Assets.xcassets */,
			);
			path = "Preview Content";
			sourceTree = "<group>";
		};
		D6529F8324A41372009AE3FF /* BouncerTests */ = {
			isa = PBXGroup;
			children = (
				D617B44824EB199B009E0D40 /* Models */,
				D6529F8624A41372009AE3FF /* Info.plist */,
			);
			path = BouncerTests;
			sourceTree = "<group>";
		};
		D6529F9D24A4139A009AE3FF /* Tutorial */ = {
			isa = PBXGroup;
			children = (
				D6CC124A24E452E100388160 /* TutorialContainerView.swift */,
				D6529F9E24A413A6009AE3FF /* TutorialView.swift */,
				D6B790C529F52BEE00613F98 /* ContactView.swift */,
			);
			path = Tutorial;
			sourceTree = "<group>";
		};
		D6529FA224A413D5009AE3FF /* SharedViews */ = {
			isa = PBXGroup;
			children = (
				D6529FA324A413EB009AE3FF /* BackgroundView.swift */,
			);
			path = SharedViews;
			sourceTree = "<group>";
		};
		D6529FC124A54A92009AE3FF /* FilterList */ = {
			isa = PBXGroup;
			children = (
				D673E75124C68404008B1072 /* FilterTypes.swift */,
				D6FC672824E49B2B0083C9FA /* FilterListContainerView.swift */,
				D6529FC224A54AAD009AE3FF /* FilterListView.swift */,
				D6C90BF524CB36AD00426B31 /* FilterRowView.swift */,
				5B7EED96293D903A002A44D0 /* ImportFilterListContainerView.swift */,
				5B7EED98293D9061002A44D0 /* ImportFilterListView.swift */,
			);
			path = FilterList;
			sourceTree = "<group>";
		};
		D6529FC624A54AC7009AE3FF /* FilterStore */ = {
			isa = PBXGroup;
			children = (
				D616A7F429F42FBB00D5523F /* LegacyModels */,
				D6EA9A8324AD2244000135E7 /* FilterStore.swift */,
				D6529FC824A54ADE009AE3FF /* FilterStoreFile.swift */,
				D616A7F229F42EEC00D5523F /* FilterStoreFileMigrator.swift */,
			);
			path = FilterStore;
			sourceTree = "<group>";
		};
		D6529FD324A550A9009AE3FF /* Models */ = {
			isa = PBXGroup;
			children = (
				D6A3888B2D9A0F1300CEA386 /* AnalyticsService */,
				D6B2CC8524EED357004F72C4 /* Mocks */,
				D67F582B24E4495700165365 /* AppSettings */,
				D62B331924BAB15C002DFB81 /* ReviewService */,
				D6233A7B24A6519200B37A6A /* SMSFilter */,
				D6529FC624A54AC7009AE3FF /* FilterStore */,
			);
			path = Models;
			sourceTree = "<group>";
		};
		D6625F3E2D9A123E005D05BF /* Config */ = {
			isa = PBXGroup;
			children = (
				D6625F342D9A122C005D05BF /* Config.swift */,
				D6625F352D9A122C005D05BF /* Config.swift.example */,
				D6625F362D9A122C005D05BF /* Constants.swift */,
			);
			path = Config;
			sourceTree = "<group>";
		};
		D664B24924AA998C00EB826D /* Extensions */ = {
			isa = PBXGroup;
			children = (
				D664B24724AA998700EB826D /* UIImage+Gradient.swift */,
				09491AEE261D30A400CF8073 /* String+Empty.swift */,
				D6BE8B8628CFE0C3004E7274 /* OSLog.swift */,
			);
			path = Extensions;
			sourceTree = "<group>";
		};
		D664B28624AA9E3500EB826D /* App */ = {
			isa = PBXGroup;
			children = (
				D6529F7224A41371009AE3FF /* BouncerApp.swift */,
				D615898924A55FF800FE710A /* BaseView.swift */,
				D6C90BF324CAB26700426B31 /* AppStore.swift */,
				D6C90BF124CAAF7B00426B31 /* AppState.swift */,
			);
			path = App;
			sourceTree = "<group>";
		};
		D679D67224AA758400579223 /* Config */ = {
			isa = PBXGroup;
			children = (
				D679D67324AA758C00579223 /* Constants.swift */,
			);
			path = Config;
			sourceTree = "<group>";
		};
		D67F582B24E4495700165365 /* AppSettings */ = {
			isa = PBXGroup;
			children = (
				D67F582D24E4496300165365 /* AppSettingsStore.swift */,
				D67F582C24E4496300165365 /* AppSettingsDefaults.swift */,
			);
			path = AppSettings;
			sourceTree = "<group>";
		};
		D67F583024E44B0E00165365 /* Views */ = {
			isa = PBXGroup;
			children = (
				D6529F9D24A4139A009AE3FF /* Tutorial */,
				D64EB7D524CB393700FC6037 /* FilterDetail */,
				D6529FC124A54A92009AE3FF /* FilterList */,
			);
			path = Views;
			sourceTree = "<group>";
		};
		D6A3888B2D9A0F1300CEA386 /* AnalyticsService */ = {
			isa = PBXGroup;
			children = (
				D6A388882D9A0B7C00CEA386 /* AnalyticsService.swift */,
			);
			path = AnalyticsService;
			sourceTree = "<group>";
		};
		D6B2CC8524EED357004F72C4 /* Mocks */ = {
			isa = PBXGroup;
			children = (
				D6B2CC8C24EF16C6004F72C4 /* wordlist.filter */,
			);
			path = Mocks;
			sourceTree = "<group>";
		};
/* End PBXGroup section */

/* Begin PBXNativeTarget section */
		D6233A6E24A650B700B37A6A /* SMSFilter */ = {
			isa = PBXNativeTarget;
			buildConfigurationList = D6233A7724A650B700B37A6A /* Build configuration list for PBXNativeTarget "SMSFilter" */;
			buildPhases = (
				D6233A6B24A650B700B37A6A /* Sources */,
				D6233A6C24A650B700B37A6A /* Frameworks */,
				D6233A6D24A650B700B37A6A /* Resources */,
			);
			buildRules = (
			);
			dependencies = (
			);
			name = SMSFilter;
			productName = SMSFilter;
			productReference = D6233A6F24A650B700B37A6A /* SMSFilter.appex */;
			productType = "com.apple.product-type.app-extension";
		};
		D6529F6E24A41371009AE3FF /* Bouncer */ = {
			isa = PBXNativeTarget;
			buildConfigurationList = D6529F9424A41372009AE3FF /* Build configuration list for PBXNativeTarget "Bouncer" */;
			buildPhases = (
				D6529F6C24A41371009AE3FF /* Frameworks */,
				D6529F6D24A41371009AE3FF /* Resources */,
				D6529F6B24A41371009AE3FF /* Sources */,
				D6233A7A24A650B700B37A6A /* Embed Foundation Extensions */,
			);
			buildRules = (
			);
			dependencies = (
				D6233A7524A650B700B37A6A /* PBXTargetDependency */,
			);
			name = Bouncer;
			productName = Bouncer;
			productReference = D6529F6F24A41371009AE3FF /* Bouncer.app */;
			productType = "com.apple.product-type.application";
		};
		D6529F7F24A41372009AE3FF /* BouncerTests */ = {
			isa = PBXNativeTarget;
			buildConfigurationList = D6529F9724A41372009AE3FF /* Build configuration list for PBXNativeTarget "BouncerTests" */;
			buildPhases = (
				D6529F7C24A41372009AE3FF /* Sources */,
				D6529F7D24A41372009AE3FF /* Frameworks */,
				D6529F7E24A41372009AE3FF /* Resources */,
			);
			buildRules = (
			);
			dependencies = (
				D6529F8224A41372009AE3FF /* PBXTargetDependency */,
			);
			name = BouncerTests;
			productName = BouncerTests;
			productReference = D6529F8024A41372009AE3FF /* BouncerTests.xctest */;
			productType = "com.apple.product-type.bundle.unit-test";
		};
/* End PBXNativeTarget section */

/* Begin PBXProject section */
		D6529F6724A41371009AE3FF /* Project object */ = {
			isa = PBXProject;
			attributes = {
				BuildIndependentTargetsInParallel = YES;
				LastSwiftUpdateCheck = 1200;
				LastUpgradeCheck = 1430;
				TargetAttributes = {
					D6233A6E24A650B700B37A6A = {
						CreatedOnToolsVersion = 12.0;
					};
					D6529F6E24A41371009AE3FF = {
						CreatedOnToolsVersion = 12.0;
					};
					D6529F7F24A41372009AE3FF = {
						CreatedOnToolsVersion = 12.0;
						TestTargetID = D6529F6E24A41371009AE3FF;
					};
				};
			};
			buildConfigurationList = D6529F6A24A41371009AE3FF /* Build configuration list for PBXProject "Bouncer" */;
			compatibilityVersion = "Xcode 12.0";
			developmentRegion = en;
			hasScannedForEncodings = 0;
			knownRegions = (
				en,
				es,
				Base,
				ar,
				fa,
			);
			mainGroup = D6529F6624A41371009AE3FF;
			packageReferences = (
				D66E4EB72D99CD1F007244FA /* XCRemoteSwiftPackageReference "supabase-swift" */,
			);
			productRefGroup = D6529F7024A41371009AE3FF /* Products */;
			projectDirPath = "";
			projectRoot = "";
			targets = (
				D6529F6E24A41371009AE3FF /* Bouncer */,
				D6529F7F24A41372009AE3FF /* BouncerTests */,
				D6233A6E24A650B700B37A6A /* SMSFilter */,
			);
		};
/* End PBXProject section */

/* Begin PBXResourcesBuildPhase section */
		D6233A6D24A650B700B37A6A /* Resources */ = {
			isa = PBXResourcesBuildPhase;
			buildActionMask = 2147483647;
			files = (
			);
			runOnlyForDeploymentPostprocessing = 0;
		};
		D6529F6D24A41371009AE3FF /* Resources */ = {
			isa = PBXResourcesBuildPhase;
			buildActionMask = 2147483647;
			files = (
				D664B24424AA92AA00EB826D /* Colors.xcassets in Resources */,
				D621CB4324ABABF6008883AA /* Localizable.strings in Resources */,
				D696D0C528D92153002FB15E /* AppIcon.xcassets in Resources */,
				D664B24624AA92D200EB826D /* Assets.xcassets in Resources */,
				D6B2CC8D24EF16C6004F72C4 /* wordlist.filter in Resources */,
				D6529F7A24A41372009AE3FF /* Preview Assets.xcassets in Resources */,
				D6625F3C2D9A122C005D05BF /* Config.swift.example in Resources */,
			);
			runOnlyForDeploymentPostprocessing = 0;
		};
		D6529F7E24A41372009AE3FF /* Resources */ = {
			isa = PBXResourcesBuildPhase;
			buildActionMask = 2147483647;
			files = (
			);
			runOnlyForDeploymentPostprocessing = 0;
		};
/* End PBXResourcesBuildPhase section */

/* Begin PBXSourcesBuildPhase section */
		D6233A6B24A650B700B37A6A /* Sources */ = {
			isa = PBXSourcesBuildPhase;
			buildActionMask = 2147483647;
			files = (
				D6233A8324A653F200B37A6A /* FilterStoreFile.swift in Sources */,
				D6EA9A8524AD2319000135E7 /* FilterStore.swift in Sources */,
				D6BE8B8828CFE230004E7274 /* OSLog.swift in Sources */,
				D60A19C824A6A2C80002E8BD /* SMSMessage.swift in Sources */,
				D6233A8124A6538D00B37A6A /* SMSOfflineFilter.swift in Sources */,
				D6F184BC29F490430018FB7F /* FilterStoreFileMigrator.swift in Sources */,
				D6F184BD29F4904E0018FB7F /* FilterV1.swift in Sources */,
				D6233A7224A650B700B37A6A /* MessageFilterExtension.swift in Sources */,
			);
			runOnlyForDeploymentPostprocessing = 0;
		};
		D6529F6B24A41371009AE3FF /* Sources */ = {
			isa = PBXSourcesBuildPhase;
			buildActionMask = 2147483647;
			files = (
				D6C90BF624CB36AE00426B31 /* FilterRowView.swift in Sources */,
				D6233A7F24A651A200B37A6A /* SMSOfflineFilter.swift in Sources */,
				D6529F9F24A413A6009AE3FF /* TutorialView.swift in Sources */,
				D60A19C724A69F1F0002E8BD /* SMSMessage.swift in Sources */,
				D6BE8B8728CFE0C3004E7274 /* OSLog.swift in Sources */,
				D61497E924E4430E00AF997E /* FilterAction.swift in Sources */,
				D6CC124D24E4563F00388160 /* SettingsAction.swift in Sources */,
				D664B24824AA998700EB826D /* UIImage+Gradient.swift in Sources */,
				D673E75224C68404008B1072 /* FilterTypes.swift in Sources */,
				D6CC125124E4837800388160 /* SettingsReducer.swift in Sources */,
				D6625F3A2D9A122C005D05BF /* Config.swift in Sources */,
				D6625F3B2D9A122C005D05BF /* Constants.swift in Sources */,
				D6FC672924E49B2B0083C9FA /* FilterListContainerView.swift in Sources */,
				D6CC124B24E452E100388160 /* TutorialContainerView.swift in Sources */,
				D6529FCB24A54ADE009AE3FF /* FilterStoreFile.swift in Sources */,
				D616A7F129F42E2900D5523F /* FilterV1.swift in Sources */,
				D644F1EE24E59FC9006C5EE2 /* FilterDetailView.swift in Sources */,
				5B7EED99293D9061002A44D0 /* ImportFilterListView.swift in Sources */,
				D6EA9A8424AD2244000135E7 /* FilterStore.swift in Sources */,
				D6F14E8824E8A1780029A0DF /* ReviewMiddleware.swift in Sources */,
				D67F582E24E4496300165365 /* AppSettingsDefaults.swift in Sources */,
				5B7EED97293D903A002A44D0 /* ImportFilterListContainerView.swift in Sources */,
				D6CC124F24E47C3900388160 /* SettingsMiddleware.swift in Sources */,
				D6C90BF224CAAF7B00426B31 /* AppState.swift in Sources */,
				D61497F024E4438000AF997E /* AppAction.swift in Sources */,
				D6529FC324A54AAD009AE3FF /* FilterListView.swift in Sources */,
				D644F1EC24E59FBE006C5EE2 /* FilterDetailContainerView.swift in Sources */,
				D6529FA424A413EB009AE3FF /* BackgroundView.swift in Sources */,
				D6FC672E24E4ACCF0083C9FA /* FilterMiddleware.swift in Sources */,
				D62B331B24BAB16C002DFB81 /* ReviewService.swift in Sources */,
				D679D67424AA758C00579223 /* Constants.swift in Sources */,
				D6A388892D9A0B7C00CEA386 /* AnalyticsService.swift in Sources */,
				D61497EC24E4433800AF997E /* FilterReducer.swift in Sources */,
				D6529F7324A41371009AE3FF /* BouncerApp.swift in Sources */,
				D616A7F329F42EEC00D5523F /* FilterStoreFileMigrator.swift in Sources */,
				D6C90BF424CAB26700426B31 /* AppStore.swift in Sources */,
				D6EA9A8224AD2201000135E7 /* SMSFiltering.swift in Sources */,
				D61497EE24E4435100AF997E /* AppReducer.swift in Sources */,
				09491AEF261D30A400CF8073 /* String+Empty.swift in Sources */,
				D67F582F24E4496300165365 /* AppSettingsStore.swift in Sources */,
				D615898A24A55FF800FE710A /* BaseView.swift in Sources */,
				D62B331D24BAB18E002DFB81 /* RatingServiceDefault.swift in Sources */,
				D6B790C629F52BEE00613F98 /* ContactView.swift in Sources */,
			);
			runOnlyForDeploymentPostprocessing = 0;
		};
		D6529F7C24A41372009AE3FF /* Sources */ = {
			isa = PBXSourcesBuildPhase;
			buildActionMask = 2147483647;
			files = (
				D6A3888D2D9A0FCA00CEA386 /* AnalyticsServiceTests.swift in Sources */,
				D617B44A24EB19C8009E0D40 /* AppSettingsDefaultsTests.swift in Sources */,
				D6F0621124EC69F800F47BA2 /* FilterStoreFileTests.swift in Sources */,
				D66A7C2924EB3F8C00349C3F /* SMSOfflineFilterTests.swift in Sources */,
			);
			runOnlyForDeploymentPostprocessing = 0;
		};
/* End PBXSourcesBuildPhase section */

/* Begin PBXTargetDependency section */
		D6233A7524A650B700B37A6A /* PBXTargetDependency */ = {
			isa = PBXTargetDependency;
			target = D6233A6E24A650B700B37A6A /* SMSFilter */;
			targetProxy = D6233A7424A650B700B37A6A /* PBXContainerItemProxy */;
		};
		D6529F8224A41372009AE3FF /* PBXTargetDependency */ = {
			isa = PBXTargetDependency;
			target = D6529F6E24A41371009AE3FF /* Bouncer */;
			targetProxy = D6529F8124A41372009AE3FF /* PBXContainerItemProxy */;
		};
/* End PBXTargetDependency section */

/* Begin PBXVariantGroup section */
		D621CB4524ABABF6008883AA /* Localizable.strings */ = {
			isa = PBXVariantGroup;
			children = (
				D621CB4424ABABF6008883AA /* es */,
				D621CB4724ABC56E008883AA /* en */,
			);
			name = Localizable.strings;
			sourceTree = "<group>";
		};
/* End PBXVariantGroup section */

/* Begin XCBuildConfiguration section */
		D6233A7824A650B700B37A6A /* Debug */ = {
			isa = XCBuildConfiguration;
			buildSettings = {
				CODE_SIGN_ENTITLEMENTS = SMSFilter/SMSFilter.entitlements;
				CODE_SIGN_STYLE = Automatic;
				CURRENT_PROJECT_VERSION = 1311;
				DEVELOPMENT_TEAM = J9F8F3PWTV;
				INFOPLIST_FILE = SMSFilter/Info.plist;
				IPHONEOS_DEPLOYMENT_TARGET = 26.0;
				LD_RUNPATH_SEARCH_PATHS = (
					"$(inherited)",
					"@executable_path/Frameworks",
					"@executable_path/../../Frameworks",
				);
				MARKETING_VERSION = 2.8.0;
				PRODUCT_BUNDLE_IDENTIFIER = com.banshai.bouncer.smsfilter;
				PRODUCT_NAME = "$(TARGET_NAME)";
				SKIP_INSTALL = YES;
				SUPPORTED_PLATFORMS = "iphoneos iphonesimulator";
				SUPPORTS_MACCATALYST = NO;
				SUPPORTS_MAC_DESIGNED_FOR_IPHONE_IPAD = NO;
				SUPPORTS_XR_DESIGNED_FOR_IPHONE_IPAD = NO;
				SWIFT_VERSION = 5.0;
				TARGETED_DEVICE_FAMILY = 1;
			};
			name = Debug;
		};
		D6233A7924A650B700B37A6A /* Release */ = {
			isa = XCBuildConfiguration;
			buildSettings = {
				CODE_SIGN_ENTITLEMENTS = SMSFilter/SMSFilter.entitlements;
				CODE_SIGN_IDENTITY = "Apple Development";
				CODE_SIGN_STYLE = Automatic;
				CURRENT_PROJECT_VERSION = 1311;
				DEVELOPMENT_TEAM = J9F8F3PWTV;
				INFOPLIST_FILE = SMSFilter/Info.plist;
				IPHONEOS_DEPLOYMENT_TARGET = 26.0;
				LD_RUNPATH_SEARCH_PATHS = (
					"$(inherited)",
					"@executable_path/Frameworks",
					"@executable_path/../../Frameworks",
				);
				MARKETING_VERSION = 2.8.0;
				PRODUCT_BUNDLE_IDENTIFIER = com.banshai.bouncer.smsfilter;
				PRODUCT_NAME = "$(TARGET_NAME)";
				PROVISIONING_PROFILE_SPECIFIER = "";
				SKIP_INSTALL = YES;
				SUPPORTED_PLATFORMS = "iphoneos iphonesimulator";
				SUPPORTS_MACCATALYST = NO;
				SUPPORTS_MAC_DESIGNED_FOR_IPHONE_IPAD = NO;
				SUPPORTS_XR_DESIGNED_FOR_IPHONE_IPAD = NO;
				SWIFT_VERSION = 5.0;
				TARGETED_DEVICE_FAMILY = 1;
			};
			name = Release;
		};
		D6529F9224A41372009AE3FF /* Debug */ = {
			isa = XCBuildConfiguration;
			buildSettings = {
				ALWAYS_SEARCH_USER_PATHS = NO;
				CLANG_ANALYZER_LOCALIZABILITY_NONLOCALIZED = YES;
				CLANG_ANALYZER_NONNULL = YES;
				CLANG_ANALYZER_NUMBER_OBJECT_CONVERSION = YES_AGGRESSIVE;
				CLANG_CXX_LANGUAGE_STANDARD = "gnu++14";
				CLANG_CXX_LIBRARY = "libc++";
				CLANG_ENABLE_MODULES = YES;
				CLANG_ENABLE_OBJC_ARC = YES;
				CLANG_ENABLE_OBJC_WEAK = YES;
				CLANG_WARN_BLOCK_CAPTURE_AUTORELEASING = YES;
				CLANG_WARN_BOOL_CONVERSION = YES;
				CLANG_WARN_COMMA = YES;
				CLANG_WARN_CONSTANT_CONVERSION = YES;
				CLANG_WARN_DEPRECATED_OBJC_IMPLEMENTATIONS = YES;
				CLANG_WARN_DIRECT_OBJC_ISA_USAGE = YES_ERROR;
				CLANG_WARN_DOCUMENTATION_COMMENTS = YES;
				CLANG_WARN_EMPTY_BODY = YES;
				CLANG_WARN_ENUM_CONVERSION = YES;
				CLANG_WARN_INFINITE_RECURSION = YES;
				CLANG_WARN_INT_CONVERSION = YES;
				CLANG_WARN_NON_LITERAL_NULL_CONVERSION = YES;
				CLANG_WARN_OBJC_IMPLICIT_RETAIN_SELF = YES;
				CLANG_WARN_OBJC_LITERAL_CONVERSION = YES;
				CLANG_WARN_OBJC_ROOT_CLASS = YES_ERROR;
				CLANG_WARN_QUOTED_INCLUDE_IN_FRAMEWORK_HEADER = YES;
				CLANG_WARN_RANGE_LOOP_ANALYSIS = YES;
				CLANG_WARN_STRICT_PROTOTYPES = YES;
				CLANG_WARN_SUSPICIOUS_MOVE = YES;
				CLANG_WARN_UNGUARDED_AVAILABILITY = YES_AGGRESSIVE;
				CLANG_WARN_UNREACHABLE_CODE = YES;
				CLANG_WARN__DUPLICATE_METHOD_MATCH = YES;
				COPY_PHASE_STRIP = NO;
				DEBUG_INFORMATION_FORMAT = dwarf;
				ENABLE_STRICT_OBJC_MSGSEND = YES;
				ENABLE_TESTABILITY = YES;
				GCC_C_LANGUAGE_STANDARD = gnu11;
				GCC_DYNAMIC_NO_PIC = NO;
				GCC_NO_COMMON_BLOCKS = YES;
				GCC_OPTIMIZATION_LEVEL = 0;
				GCC_PREPROCESSOR_DEFINITIONS = (
					"DEBUG=1",
					"$(inherited)",
				);
				GCC_WARN_64_TO_32_BIT_CONVERSION = YES;
				GCC_WARN_ABOUT_RETURN_TYPE = YES_ERROR;
				GCC_WARN_UNDECLARED_SELECTOR = YES;
				GCC_WARN_UNINITIALIZED_AUTOS = YES_AGGRESSIVE;
				GCC_WARN_UNUSED_FUNCTION = YES;
				GCC_WARN_UNUSED_VARIABLE = YES;
				IPHONEOS_DEPLOYMENT_TARGET = 26.0;
				MTL_ENABLE_DEBUG_INFO = INCLUDE_SOURCE;
				MTL_FAST_MATH = YES;
				ONLY_ACTIVE_ARCH = YES;
				SDKROOT = iphoneos;
				SWIFT_ACTIVE_COMPILATION_CONDITIONS = DEBUG;
				SWIFT_OPTIMIZATION_LEVEL = "-Onone";
			};
			name = Debug;
		};
		D6529F9324A41372009AE3FF /* Release */ = {
			isa = XCBuildConfiguration;
			buildSettings = {
				ALWAYS_SEARCH_USER_PATHS = NO;
				CLANG_ANALYZER_LOCALIZABILITY_NONLOCALIZED = YES;
				CLANG_ANALYZER_NONNULL = YES;
				CLANG_ANALYZER_NUMBER_OBJECT_CONVERSION = YES_AGGRESSIVE;
				CLANG_CXX_LANGUAGE_STANDARD = "gnu++14";
				CLANG_CXX_LIBRARY = "libc++";
				CLANG_ENABLE_MODULES = YES;
				CLANG_ENABLE_OBJC_ARC = YES;
				CLANG_ENABLE_OBJC_WEAK = YES;
				CLANG_WARN_BLOCK_CAPTURE_AUTORELEASING = YES;
				CLANG_WARN_BOOL_CONVERSION = YES;
				CLANG_WARN_COMMA = YES;
				CLANG_WARN_CONSTANT_CONVERSION = YES;
				CLANG_WARN_DEPRECATED_OBJC_IMPLEMENTATIONS = YES;
				CLANG_WARN_DIRECT_OBJC_ISA_USAGE = YES_ERROR;
				CLANG_WARN_DOCUMENTATION_COMMENTS = YES;
				CLANG_WARN_EMPTY_BODY = YES;
				CLANG_WARN_ENUM_CONVERSION = YES;
				CLANG_WARN_INFINITE_RECURSION = YES;
				CLANG_WARN_INT_CONVERSION = YES;
				CLANG_WARN_NON_LITERAL_NULL_CONVERSION = YES;
				CLANG_WARN_OBJC_IMPLICIT_RETAIN_SELF = YES;
				CLANG_WARN_OBJC_LITERAL_CONVERSION = YES;
				CLANG_WARN_OBJC_ROOT_CLASS = YES_ERROR;
				CLANG_WARN_QUOTED_INCLUDE_IN_FRAMEWORK_HEADER = YES;
				CLANG_WARN_RANGE_LOOP_ANALYSIS = YES;
				CLANG_WARN_STRICT_PROTOTYPES = YES;
				CLANG_WARN_SUSPICIOUS_MOVE = YES;
				CLANG_WARN_UNGUARDED_AVAILABILITY = YES_AGGRESSIVE;
				CLANG_WARN_UNREACHABLE_CODE = YES;
				CLANG_WARN__DUPLICATE_METHOD_MATCH = YES;
				COPY_PHASE_STRIP = NO;
				DEBUG_INFORMATION_FORMAT = "dwarf-with-dsym";
				ENABLE_NS_ASSERTIONS = NO;
				ENABLE_STRICT_OBJC_MSGSEND = YES;
				GCC_C_LANGUAGE_STANDARD = gnu11;
				GCC_NO_COMMON_BLOCKS = YES;
				GCC_WARN_64_TO_32_BIT_CONVERSION = YES;
				GCC_WARN_ABOUT_RETURN_TYPE = YES_ERROR;
				GCC_WARN_UNDECLARED_SELECTOR = YES;
				GCC_WARN_UNINITIALIZED_AUTOS = YES_AGGRESSIVE;
				GCC_WARN_UNUSED_FUNCTION = YES;
				GCC_WARN_UNUSED_VARIABLE = YES;
				IPHONEOS_DEPLOYMENT_TARGET = 26.0;
				MTL_ENABLE_DEBUG_INFO = NO;
				MTL_FAST_MATH = YES;
				SDKROOT = iphoneos;
				SWIFT_COMPILATION_MODE = wholemodule;
				SWIFT_OPTIMIZATION_LEVEL = "-O";
				VALIDATE_PRODUCT = YES;
			};
			name = Release;
		};
		D6529F9524A41372009AE3FF /* Debug */ = {
			isa = XCBuildConfiguration;
			buildSettings = {
				ALWAYS_EMBED_SWIFT_STANDARD_LIBRARIES = YES;
				ASSETCATALOG_COMPILER_APPICON_NAME = Default;
				ASSETCATALOG_COMPILER_GLOBAL_ACCENT_COLOR_NAME = AccentColor;
				ASSETCATALOG_COMPILER_INCLUDE_ALL_APPICON_ASSETS = YES;
				CODE_SIGN_ENTITLEMENTS = Bouncer/Bouncer.entitlements;
				CODE_SIGN_IDENTITY = "Apple Development";
				CODE_SIGN_STYLE = Automatic;
				CURRENT_PROJECT_VERSION = 1311;
				DEVELOPMENT_ASSET_PATHS = "\"Bouncer/Preview Content\"";
				DEVELOPMENT_TEAM = J9F8F3PWTV;
				ENABLE_PREVIEWS = YES;
				INFOPLIST_FILE = Bouncer/Info.plist;
				INFOPLIST_KEY_CFBundleDisplayName = Bouncer;
				INFOPLIST_KEY_LSApplicationCategoryType = "public.app-category.productivity";
				IPHONEOS_DEPLOYMENT_TARGET = 26.0;
				LD_RUNPATH_SEARCH_PATHS = (
					"$(inherited)",
					"@executable_path/Frameworks",
				);
				MARKETING_VERSION = 2.8.0;
				PRODUCT_BUNDLE_IDENTIFIER = com.banshai.bouncer;
				PRODUCT_NAME = "$(TARGET_NAME)";
				PROVISIONING_PROFILE_SPECIFIER = "";
				SUPPORTED_PLATFORMS = "iphoneos iphonesimulator";
				SUPPORTS_MACCATALYST = NO;
				SUPPORTS_MAC_DESIGNED_FOR_IPHONE_IPAD = NO;
				SUPPORTS_XR_DESIGNED_FOR_IPHONE_IPAD = NO;
				SWIFT_VERSION = 5.0;
				TARGETED_DEVICE_FAMILY = 1;
			};
			name = Debug;
		};
		D6529F9624A41372009AE3FF /* Release */ = {
			isa = XCBuildConfiguration;
			buildSettings = {
				ALWAYS_EMBED_SWIFT_STANDARD_LIBRARIES = YES;
				ASSETCATALOG_COMPILER_APPICON_NAME = Default;
				ASSETCATALOG_COMPILER_GLOBAL_ACCENT_COLOR_NAME = AccentColor;
				ASSETCATALOG_COMPILER_INCLUDE_ALL_APPICON_ASSETS = YES;
				CODE_SIGN_ENTITLEMENTS = Bouncer/Bouncer.entitlements;
				CODE_SIGN_IDENTITY = "Apple Development";
				CODE_SIGN_STYLE = Automatic;
				CURRENT_PROJECT_VERSION = 1311;
				DEVELOPMENT_ASSET_PATHS = "\"Bouncer/Preview Content\"";
				DEVELOPMENT_TEAM = J9F8F3PWTV;
				ENABLE_PREVIEWS = YES;
				INFOPLIST_FILE = Bouncer/Info.plist;
				INFOPLIST_KEY_CFBundleDisplayName = Bouncer;
				INFOPLIST_KEY_LSApplicationCategoryType = "public.app-category.productivity";
				IPHONEOS_DEPLOYMENT_TARGET = 26.0;
				LD_RUNPATH_SEARCH_PATHS = (
					"$(inherited)",
					"@executable_path/Frameworks",
				);
				MARKETING_VERSION = 2.8.0;
				PRODUCT_BUNDLE_IDENTIFIER = com.banshai.bouncer;
				PRODUCT_NAME = "$(TARGET_NAME)";
				PROVISIONING_PROFILE_SPECIFIER = "";
				SUPPORTED_PLATFORMS = "iphoneos iphonesimulator";
				SUPPORTS_MACCATALYST = NO;
				SUPPORTS_MAC_DESIGNED_FOR_IPHONE_IPAD = NO;
				SUPPORTS_XR_DESIGNED_FOR_IPHONE_IPAD = NO;
				SWIFT_VERSION = 5.0;
				TARGETED_DEVICE_FAMILY = 1;
			};
			name = Release;
		};
		D6529F9824A41372009AE3FF /* Debug */ = {
			isa = XCBuildConfiguration;
			buildSettings = {
				ALWAYS_EMBED_SWIFT_STANDARD_LIBRARIES = YES;
				BUNDLE_LOADER = "$(TEST_HOST)";
				CODE_SIGN_STYLE = Automatic;
				DEVELOPMENT_TEAM = JM9222EF99;
				INFOPLIST_FILE = BouncerTests/Info.plist;
				IPHONEOS_DEPLOYMENT_TARGET = 26.0;
				LD_RUNPATH_SEARCH_PATHS = (
					"$(inherited)",
					"@executable_path/Frameworks",
					"@loader_path/Frameworks",
				);
				PRODUCT_BUNDLE_IDENTIFIER = com.banshai.BouncerTests;
				PRODUCT_NAME = "$(TARGET_NAME)";
				SUPPORTED_PLATFORMS = "iphoneos iphonesimulator";
				SUPPORTS_MACCATALYST = NO;
				SUPPORTS_MAC_DESIGNED_FOR_IPHONE_IPAD = NO;
				SUPPORTS_XR_DESIGNED_FOR_IPHONE_IPAD = NO;
				SWIFT_VERSION = 5.0;
				TARGETED_DEVICE_FAMILY = 1;
				TEST_HOST = "$(BUILT_PRODUCTS_DIR)/Bouncer.app/Bouncer";
			};
			name = Debug;
		};
		D6529F9924A41372009AE3FF /* Release */ = {
			isa = XCBuildConfiguration;
			buildSettings = {
				ALWAYS_EMBED_SWIFT_STANDARD_LIBRARIES = YES;
				BUNDLE_LOADER = "$(TEST_HOST)";
				CODE_SIGN_STYLE = Automatic;
				DEVELOPMENT_TEAM = JM9222EF99;
				INFOPLIST_FILE = BouncerTests/Info.plist;
				IPHONEOS_DEPLOYMENT_TARGET = 26.0;
				LD_RUNPATH_SEARCH_PATHS = (
					"$(inherited)",
					"@executable_path/Frameworks",
					"@loader_path/Frameworks",
				);
				PRODUCT_BUNDLE_IDENTIFIER = com.banshai.BouncerTests;
				PRODUCT_NAME = "$(TARGET_NAME)";
				SUPPORTED_PLATFORMS = "iphoneos iphonesimulator";
				SUPPORTS_MACCATALYST = NO;
				SUPPORTS_MAC_DESIGNED_FOR_IPHONE_IPAD = NO;
				SUPPORTS_XR_DESIGNED_FOR_IPHONE_IPAD = NO;
				SWIFT_VERSION = 5.0;
				TARGETED_DEVICE_FAMILY = 1;
				TEST_HOST = "$(BUILT_PRODUCTS_DIR)/Bouncer.app/Bouncer";
			};
			name = Release;
		};
/* End XCBuildConfiguration section */

/* Begin XCConfigurationList section */
		D6233A7724A650B700B37A6A /* Build configuration list for PBXNativeTarget "SMSFilter" */ = {
			isa = XCConfigurationList;
			buildConfigurations = (
				D6233A7824A650B700B37A6A /* Debug */,
				D6233A7924A650B700B37A6A /* Release */,
			);
			defaultConfigurationIsVisible = 0;
			defaultConfigurationName = Release;
		};
		D6529F6A24A41371009AE3FF /* Build configuration list for PBXProject "Bouncer" */ = {
			isa = XCConfigurationList;
			buildConfigurations = (
				D6529F9224A41372009AE3FF /* Debug */,
				D6529F9324A41372009AE3FF /* Release */,
			);
			defaultConfigurationIsVisible = 0;
			defaultConfigurationName = Release;
		};
		D6529F9424A41372009AE3FF /* Build configuration list for PBXNativeTarget "Bouncer" */ = {
			isa = XCConfigurationList;
			buildConfigurations = (
				D6529F9524A41372009AE3FF /* Debug */,
				D6529F9624A41372009AE3FF /* Release */,
			);
			defaultConfigurationIsVisible = 0;
			defaultConfigurationName = Release;
		};
		D6529F9724A41372009AE3FF /* Build configuration list for PBXNativeTarget "BouncerTests" */ = {
			isa = XCConfigurationList;
			buildConfigurations = (
				D6529F9824A41372009AE3FF /* Debug */,
				D6529F9924A41372009AE3FF /* Release */,
			);
			defaultConfigurationIsVisible = 0;
			defaultConfigurationName = Release;
		};
/* End XCConfigurationList section */

/* Begin XCRemoteSwiftPackageReference section */
		D66E4EB72D99CD1F007244FA /* XCRemoteSwiftPackageReference "supabase-swift" */ = {
			isa = XCRemoteSwiftPackageReference;
			repositoryURL = "https://github.com/supabase/supabase-swift.git";
			requirement = {
				kind = upToNextMajorVersion;
				minimumVersion = 2.5.1;
			};
		};
/* End XCRemoteSwiftPackageReference section */

/* Begin XCSwiftPackageProductDependency section */
		D66E4EB82D99CD1F007244FA /* Auth */ = {
			isa = XCSwiftPackageProductDependency;
			package = D66E4EB72D99CD1F007244FA /* XCRemoteSwiftPackageReference "supabase-swift" */;
			productName = Auth;
		};
		D66E4EBA2D99CD1F007244FA /* Functions */ = {
			isa = XCSwiftPackageProductDependency;
			package = D66E4EB72D99CD1F007244FA /* XCRemoteSwiftPackageReference "supabase-swift" */;
			productName = Functions;
		};
		D66E4EBC2D99CD1F007244FA /* PostgREST */ = {
			isa = XCSwiftPackageProductDependency;
			package = D66E4EB72D99CD1F007244FA /* XCRemoteSwiftPackageReference "supabase-swift" */;
			productName = PostgREST;
		};
		D66E4EBE2D99CD1F007244FA /* Realtime */ = {
			isa = XCSwiftPackageProductDependency;
			package = D66E4EB72D99CD1F007244FA /* XCRemoteSwiftPackageReference "supabase-swift" */;
			productName = Realtime;
		};
		D66E4EC02D99CD1F007244FA /* Storage */ = {
			isa = XCSwiftPackageProductDependency;
			package = D66E4EB72D99CD1F007244FA /* XCRemoteSwiftPackageReference "supabase-swift" */;
			productName = Storage;
		};
		D66E4EC92D99CF2B007244FA /* Supabase */ = {
			isa = XCSwiftPackageProductDependency;
			package = D66E4EB72D99CD1F007244FA /* XCRemoteSwiftPackageReference "supabase-swift" */;
			productName = Supabase;
		};
/* End XCSwiftPackageProductDependency section */
	};
	rootObject = D6529F6724A41371009AE3FF /* Project object */;
}
