// !$*UTF8*$!
{
	archiveVersion = 1;
	classes = {
	};
	objectVersion = 54;
	objects = {

/* Begin PBXBuildFile section */
		D60A19C724A69F1F0002E8BD /* SMSMessage.swift in Sources */ = {isa = PBXBuildFile; fileRef = D60A19C624A69F1F0002E8BD /* SMSMessage.swift */; };
		D60A19C824A6A2C80002E8BD /* SMSMessage.swift in Sources */ = {isa = PBXBuildFile; fileRef = D60A19C624A69F1F0002E8BD /* SMSMessage.swift */; };
		D615898A24A55FF800FE710A /* BaseView.swift in Sources */ = {isa = PBXBuildFile; fileRef = D615898924A55FF800FE710A /* BaseView.swift */; };
		D621CB4324ABABF6008883AA /* Localizable.strings in Resources */ = {isa = PBXBuildFile; fileRef = D621CB4524ABABF6008883AA /* Localizable.strings */; };
		D6233A6624A59F2800B37A6A /* AddFilterView.swift in Sources */ = {isa = PBXBuildFile; fileRef = D6233A6524A59F2800B37A6A /* AddFilterView.swift */; };
		D6233A7224A650B700B37A6A /* MessageFilterExtension.swift in Sources */ = {isa = PBXBuildFile; fileRef = D6233A7124A650B700B37A6A /* MessageFilterExtension.swift */; };
		D6233A7624A650B700B37A6A /* SMSFilter.appex in Embed App Extensions */ = {isa = PBXBuildFile; fileRef = D6233A6F24A650B700B37A6A /* SMSFilter.appex */; settings = {ATTRIBUTES = (RemoveHeadersOnCopy, ); }; };
		D6233A7F24A651A200B37A6A /* SMSFilterLocal.swift in Sources */ = {isa = PBXBuildFile; fileRef = D6233A7D24A651A200B37A6A /* SMSFilterLocal.swift */; };
		D6233A8124A6538D00B37A6A /* SMSFilterLocal.swift in Sources */ = {isa = PBXBuildFile; fileRef = D6233A7D24A651A200B37A6A /* SMSFilterLocal.swift */; };
		D6233A8324A653F200B37A6A /* FilterFileStore.swift in Sources */ = {isa = PBXBuildFile; fileRef = D6529FC824A54ADE009AE3FF /* FilterFileStore.swift */; };
		D6233A8424A653FB00B37A6A /* Filter.swift in Sources */ = {isa = PBXBuildFile; fileRef = D6529FD124A54D8C009AE3FF /* Filter.swift */; };
		D6379EB324AA852500FFD400 /* EmptyListView.swift in Sources */ = {isa = PBXBuildFile; fileRef = D6379EB224AA852500FFD400 /* EmptyListView.swift */; };
		D6529F7324A41371009AE3FF /* BouncerApp.swift in Sources */ = {isa = PBXBuildFile; fileRef = D6529F7224A41371009AE3FF /* BouncerApp.swift */; };
		D6529F7A24A41372009AE3FF /* Preview Assets.xcassets in Resources */ = {isa = PBXBuildFile; fileRef = D6529F7924A41372009AE3FF /* Preview Assets.xcassets */; };
		D6529F8524A41372009AE3FF /* BouncerTests.swift in Sources */ = {isa = PBXBuildFile; fileRef = D6529F8424A41372009AE3FF /* BouncerTests.swift */; };
		D6529F9024A41372009AE3FF /* BouncerUITests.swift in Sources */ = {isa = PBXBuildFile; fileRef = D6529F8F24A41372009AE3FF /* BouncerUITests.swift */; };
		D6529F9F24A413A6009AE3FF /* TutorialView.swift in Sources */ = {isa = PBXBuildFile; fileRef = D6529F9E24A413A6009AE3FF /* TutorialView.swift */; };
		D6529FA424A413EB009AE3FF /* BackgroundView.swift in Sources */ = {isa = PBXBuildFile; fileRef = D6529FA324A413EB009AE3FF /* BackgroundView.swift */; };
		D6529FAE24A4F246009AE3FF /* UserSettingsDefaultsService.swift in Sources */ = {isa = PBXBuildFile; fileRef = D6529FAC24A4F246009AE3FF /* UserSettingsDefaultsService.swift */; };
		D6529FB724A50B1F009AE3FF /* InstructionsView.swift in Sources */ = {isa = PBXBuildFile; fileRef = D6529FB624A50B1F009AE3FF /* InstructionsView.swift */; };
		D6529FC324A54AAD009AE3FF /* FilterListView.swift in Sources */ = {isa = PBXBuildFile; fileRef = D6529FC224A54AAD009AE3FF /* FilterListView.swift */; };
		D6529FC524A54ABA009AE3FF /* FilterListViewModel.swift in Sources */ = {isa = PBXBuildFile; fileRef = D6529FC424A54ABA009AE3FF /* FilterListViewModel.swift */; };
		D6529FCB24A54ADE009AE3FF /* FilterFileStore.swift in Sources */ = {isa = PBXBuildFile; fileRef = D6529FC824A54ADE009AE3FF /* FilterFileStore.swift */; };
		D6529FD224A54D8C009AE3FF /* Filter.swift in Sources */ = {isa = PBXBuildFile; fileRef = D6529FD124A54D8C009AE3FF /* Filter.swift */; };
		D664B24424AA92AA00EB826D /* Colors.xcassets in Resources */ = {isa = PBXBuildFile; fileRef = D664B24324AA92AA00EB826D /* Colors.xcassets */; };
		D664B24624AA92D200EB826D /* Assets.xcassets in Resources */ = {isa = PBXBuildFile; fileRef = D664B24524AA92D200EB826D /* Assets.xcassets */; };
		D664B24824AA998700EB826D /* UIImage+Gradient.swift in Sources */ = {isa = PBXBuildFile; fileRef = D664B24724AA998700EB826D /* UIImage+Gradient.swift */; };
		D679D67424AA758C00579223 /* DesignConstants.swift in Sources */ = {isa = PBXBuildFile; fileRef = D679D67324AA758C00579223 /* DesignConstants.swift */; };
		D696B9E324AD15F300EF0373 /* AppStoreConstants.swift in Sources */ = {isa = PBXBuildFile; fileRef = D696B9E224AD15F300EF0373 /* AppStoreConstants.swift */; };
/* End PBXBuildFile section */

/* Begin PBXContainerItemProxy section */
		D6233A7424A650B700B37A6A /* PBXContainerItemProxy */ = {
			isa = PBXContainerItemProxy;
			containerPortal = D6529F6724A41371009AE3FF /* Project object */;
			proxyType = 1;
			remoteGlobalIDString = D6233A6E24A650B700B37A6A;
			remoteInfo = SMSFilter;
		};
		D6529F8124A41372009AE3FF /* PBXContainerItemProxy */ = {
			isa = PBXContainerItemProxy;
			containerPortal = D6529F6724A41371009AE3FF /* Project object */;
			proxyType = 1;
			remoteGlobalIDString = D6529F6E24A41371009AE3FF;
			remoteInfo = Bouncer;
		};
		D6529F8C24A41372009AE3FF /* PBXContainerItemProxy */ = {
			isa = PBXContainerItemProxy;
			containerPortal = D6529F6724A41371009AE3FF /* Project object */;
			proxyType = 1;
			remoteGlobalIDString = D6529F6E24A41371009AE3FF;
			remoteInfo = Bouncer;
		};
/* End PBXContainerItemProxy section */

/* Begin PBXCopyFilesBuildPhase section */
		D6233A7A24A650B700B37A6A /* Embed App Extensions */ = {
			isa = PBXCopyFilesBuildPhase;
			buildActionMask = 2147483647;
			dstPath = "";
			dstSubfolderSpec = 13;
			files = (
				D6233A7624A650B700B37A6A /* SMSFilter.appex in Embed App Extensions */,
			);
			name = "Embed App Extensions";
			runOnlyForDeploymentPostprocessing = 0;
		};
/* End PBXCopyFilesBuildPhase section */

/* Begin PBXFileReference section */
		D60A19C624A69F1F0002E8BD /* SMSMessage.swift */ = {isa = PBXFileReference; lastKnownFileType = sourcecode.swift; path = SMSMessage.swift; sourceTree = "<group>"; };
		D615898924A55FF800FE710A /* BaseView.swift */ = {isa = PBXFileReference; lastKnownFileType = sourcecode.swift; path = BaseView.swift; sourceTree = "<group>"; };
		D621CB4424ABABF6008883AA /* es */ = {isa = PBXFileReference; lastKnownFileType = text.plist.strings; name = es; path = es.lproj/Localizable.strings; sourceTree = "<group>"; };
		D621CB4724ABC56E008883AA /* en */ = {isa = PBXFileReference; lastKnownFileType = text.plist.strings; name = en; path = en.lproj/Localizable.strings; sourceTree = "<group>"; };
		D6233A6524A59F2800B37A6A /* AddFilterView.swift */ = {isa = PBXFileReference; lastKnownFileType = sourcecode.swift; path = AddFilterView.swift; sourceTree = "<group>"; };
		D6233A6F24A650B700B37A6A /* SMSFilter.appex */ = {isa = PBXFileReference; explicitFileType = "wrapper.app-extension"; includeInIndex = 0; path = SMSFilter.appex; sourceTree = BUILT_PRODUCTS_DIR; };
		D6233A7124A650B700B37A6A /* MessageFilterExtension.swift */ = {isa = PBXFileReference; lastKnownFileType = sourcecode.swift; path = MessageFilterExtension.swift; sourceTree = "<group>"; };
		D6233A7324A650B700B37A6A /* Info.plist */ = {isa = PBXFileReference; lastKnownFileType = text.plist.xml; path = Info.plist; sourceTree = "<group>"; };
		D6233A7D24A651A200B37A6A /* SMSFilterLocal.swift */ = {isa = PBXFileReference; fileEncoding = 4; lastKnownFileType = sourcecode.swift; path = SMSFilterLocal.swift; sourceTree = "<group>"; };
		D6233A8524A6553C00B37A6A /* Bouncer.entitlements */ = {isa = PBXFileReference; lastKnownFileType = text.plist.entitlements; path = Bouncer.entitlements; sourceTree = "<group>"; };
		D6233A8624A655BF00B37A6A /* SMSFilter.entitlements */ = {isa = PBXFileReference; lastKnownFileType = text.plist.entitlements; path = SMSFilter.entitlements; sourceTree = "<group>"; };
		D6379EB224AA852500FFD400 /* EmptyListView.swift */ = {isa = PBXFileReference; lastKnownFileType = sourcecode.swift; path = EmptyListView.swift; sourceTree = "<group>"; };
		D6529F6F24A41371009AE3FF /* Bouncer.app */ = {isa = PBXFileReference; explicitFileType = wrapper.application; includeInIndex = 0; path = Bouncer.app; sourceTree = BUILT_PRODUCTS_DIR; };
		D6529F7224A41371009AE3FF /* BouncerApp.swift */ = {isa = PBXFileReference; lastKnownFileType = sourcecode.swift; path = BouncerApp.swift; sourceTree = "<group>"; };
		D6529F7924A41372009AE3FF /* Preview Assets.xcassets */ = {isa = PBXFileReference; lastKnownFileType = folder.assetcatalog; path = "Preview Assets.xcassets"; sourceTree = "<group>"; };
		D6529F7B24A41372009AE3FF /* Info.plist */ = {isa = PBXFileReference; lastKnownFileType = text.plist.xml; path = Info.plist; sourceTree = "<group>"; };
		D6529F8024A41372009AE3FF /* BouncerTests.xctest */ = {isa = PBXFileReference; explicitFileType = wrapper.cfbundle; includeInIndex = 0; path = BouncerTests.xctest; sourceTree = BUILT_PRODUCTS_DIR; };
		D6529F8424A41372009AE3FF /* BouncerTests.swift */ = {isa = PBXFileReference; lastKnownFileType = sourcecode.swift; path = BouncerTests.swift; sourceTree = "<group>"; };
		D6529F8624A41372009AE3FF /* Info.plist */ = {isa = PBXFileReference; lastKnownFileType = text.plist.xml; path = Info.plist; sourceTree = "<group>"; };
		D6529F8B24A41372009AE3FF /* BouncerUITests.xctest */ = {isa = PBXFileReference; explicitFileType = wrapper.cfbundle; includeInIndex = 0; path = BouncerUITests.xctest; sourceTree = BUILT_PRODUCTS_DIR; };
		D6529F8F24A41372009AE3FF /* BouncerUITests.swift */ = {isa = PBXFileReference; lastKnownFileType = sourcecode.swift; path = BouncerUITests.swift; sourceTree = "<group>"; };
		D6529F9124A41372009AE3FF /* Info.plist */ = {isa = PBXFileReference; lastKnownFileType = text.plist.xml; path = Info.plist; sourceTree = "<group>"; };
		D6529F9E24A413A6009AE3FF /* TutorialView.swift */ = {isa = PBXFileReference; lastKnownFileType = sourcecode.swift; path = TutorialView.swift; sourceTree = "<group>"; };
		D6529FA324A413EB009AE3FF /* BackgroundView.swift */ = {isa = PBXFileReference; lastKnownFileType = sourcecode.swift; path = BackgroundView.swift; sourceTree = "<group>"; };
		D6529FAC24A4F246009AE3FF /* UserSettingsDefaultsService.swift */ = {isa = PBXFileReference; fileEncoding = 4; lastKnownFileType = sourcecode.swift; path = UserSettingsDefaultsService.swift; sourceTree = "<group>"; };
		D6529FB624A50B1F009AE3FF /* InstructionsView.swift */ = {isa = PBXFileReference; lastKnownFileType = sourcecode.swift; path = InstructionsView.swift; sourceTree = "<group>"; };
		D6529FC224A54AAD009AE3FF /* FilterListView.swift */ = {isa = PBXFileReference; lastKnownFileType = sourcecode.swift; path = FilterListView.swift; sourceTree = "<group>"; };
		D6529FC424A54ABA009AE3FF /* FilterListViewModel.swift */ = {isa = PBXFileReference; lastKnownFileType = sourcecode.swift; path = FilterListViewModel.swift; sourceTree = "<group>"; };
		D6529FC824A54ADE009AE3FF /* FilterFileStore.swift */ = {isa = PBXFileReference; fileEncoding = 4; lastKnownFileType = sourcecode.swift; path = FilterFileStore.swift; sourceTree = "<group>"; };
		D6529FD124A54D8C009AE3FF /* Filter.swift */ = {isa = PBXFileReference; lastKnownFileType = sourcecode.swift; path = Filter.swift; sourceTree = "<group>"; };
		D664B24324AA92AA00EB826D /* Colors.xcassets */ = {isa = PBXFileReference; lastKnownFileType = folder.assetcatalog; path = Colors.xcassets; sourceTree = "<group>"; };
		D664B24524AA92D200EB826D /* Assets.xcassets */ = {isa = PBXFileReference; lastKnownFileType = folder.assetcatalog; path = Assets.xcassets; sourceTree = "<group>"; };
		D664B24724AA998700EB826D /* UIImage+Gradient.swift */ = {isa = PBXFileReference; lastKnownFileType = sourcecode.swift; path = "UIImage+Gradient.swift"; sourceTree = "<group>"; };
		D679D67324AA758C00579223 /* DesignConstants.swift */ = {isa = PBXFileReference; fileEncoding = 4; lastKnownFileType = sourcecode.swift; path = DesignConstants.swift; sourceTree = "<group>"; };
		D696B9E224AD15F300EF0373 /* AppStoreConstants.swift */ = {isa = PBXFileReference; lastKnownFileType = sourcecode.swift; path = AppStoreConstants.swift; sourceTree = "<group>"; };
/* End PBXFileReference section */

/* Begin PBXFrameworksBuildPhase section */
		D6233A6C24A650B700B37A6A /* Frameworks */ = {
			isa = PBXFrameworksBuildPhase;
			buildActionMask = 2147483647;
			files = (
			);
			runOnlyForDeploymentPostprocessing = 0;
		};
		D6529F6C24A41371009AE3FF /* Frameworks */ = {
			isa = PBXFrameworksBuildPhase;
			buildActionMask = 2147483647;
			files = (
			);
			runOnlyForDeploymentPostprocessing = 0;
		};
		D6529F7D24A41372009AE3FF /* Frameworks */ = {
			isa = PBXFrameworksBuildPhase;
			buildActionMask = 2147483647;
			files = (
			);
			runOnlyForDeploymentPostprocessing = 0;
		};
		D6529F8824A41372009AE3FF /* Frameworks */ = {
			isa = PBXFrameworksBuildPhase;
			buildActionMask = 2147483647;
			files = (
			);
			runOnlyForDeploymentPostprocessing = 0;
		};
/* End PBXFrameworksBuildPhase section */

/* Begin PBXGroup section */
		D6233A7024A650B700B37A6A /* SMSFilter */ = {
			isa = PBXGroup;
			children = (
				D6233A8624A655BF00B37A6A /* SMSFilter.entitlements */,
				D6233A7124A650B700B37A6A /* MessageFilterExtension.swift */,
				D6233A7324A650B700B37A6A /* Info.plist */,
			);
			path = SMSFilter;
			sourceTree = "<group>";
		};
		D6233A7B24A6519200B37A6A /* SMSFilter */ = {
			isa = PBXGroup;
			children = (
				D6233A7D24A651A200B37A6A /* SMSFilterLocal.swift */,
			);
			path = SMSFilter;
			sourceTree = "<group>";
		};
		D6529F6624A41371009AE3FF = {
			isa = PBXGroup;
			children = (
				D6529F7124A41371009AE3FF /* Bouncer */,
				D6529F8324A41372009AE3FF /* BouncerTests */,
				D6529F8E24A41372009AE3FF /* BouncerUITests */,
				D6233A7024A650B700B37A6A /* SMSFilter */,
				D6529F7024A41371009AE3FF /* Products */,
			);
			sourceTree = "<group>";
		};
		D6529F7024A41371009AE3FF /* Products */ = {
			isa = PBXGroup;
			children = (
				D6529F6F24A41371009AE3FF /* Bouncer.app */,
				D6529F8024A41372009AE3FF /* BouncerTests.xctest */,
				D6529F8B24A41372009AE3FF /* BouncerUITests.xctest */,
				D6233A6F24A650B700B37A6A /* SMSFilter.appex */,
			);
			name = Products;
			sourceTree = "<group>";
		};
		D6529F7124A41371009AE3FF /* Bouncer */ = {
			isa = PBXGroup;
			children = (
				D664B28624AA9E3500EB826D /* App */,
				D664B24924AA998C00EB826D /* Extensions */,
				D679D67224AA758400579223 /* Config */,
				D6529FD324A550A9009AE3FF /* Models */,
				D6529FAA24A4F237009AE3FF /* Services */,
				D6529FA224A413D5009AE3FF /* SharedViews */,
				D6529FC124A54A92009AE3FF /* FilterList */,
				D6529F9D24A4139A009AE3FF /* Tutorial */,
				D6233A8524A6553C00B37A6A /* Bouncer.entitlements */,
				D664B24524AA92D200EB826D /* Assets.xcassets */,
				D664B24324AA92AA00EB826D /* Colors.xcassets */,
				D6529F7B24A41372009AE3FF /* Info.plist */,
				D6529F7824A41372009AE3FF /* Preview Content */,
				D621CB4524ABABF6008883AA /* Localizable.strings */,
			);
			path = Bouncer;
			sourceTree = "<group>";
		};
		D6529F7824A41372009AE3FF /* Preview Content */ = {
			isa = PBXGroup;
			children = (
				D6529F7924A41372009AE3FF /* Preview Assets.xcassets */,
			);
			path = "Preview Content";
			sourceTree = "<group>";
		};
		D6529F8324A41372009AE3FF /* BouncerTests */ = {
			isa = PBXGroup;
			children = (
				D6529F8424A41372009AE3FF /* BouncerTests.swift */,
				D6529F8624A41372009AE3FF /* Info.plist */,
			);
			path = BouncerTests;
			sourceTree = "<group>";
		};
		D6529F8E24A41372009AE3FF /* BouncerUITests */ = {
			isa = PBXGroup;
			children = (
				D6529F8F24A41372009AE3FF /* BouncerUITests.swift */,
				D6529F9124A41372009AE3FF /* Info.plist */,
			);
			path = BouncerUITests;
			sourceTree = "<group>";
		};
		D6529F9D24A4139A009AE3FF /* Tutorial */ = {
			isa = PBXGroup;
			children = (
				D6529FB624A50B1F009AE3FF /* InstructionsView.swift */,
				D6529F9E24A413A6009AE3FF /* TutorialView.swift */,
			);
			path = Tutorial;
			sourceTree = "<group>";
		};
		D6529FA224A413D5009AE3FF /* SharedViews */ = {
			isa = PBXGroup;
			children = (
				D6529FA324A413EB009AE3FF /* BackgroundView.swift */,
			);
			path = SharedViews;
			sourceTree = "<group>";
		};
		D6529FAA24A4F237009AE3FF /* Services */ = {
			isa = PBXGroup;
			children = (
				D6233A7B24A6519200B37A6A /* SMSFilter */,
				D6529FC624A54AC7009AE3FF /* FilterStore */,
				D6529FBE24A5419E009AE3FF /* UserSettings */,
			);
			path = Services;
			sourceTree = "<group>";
		};
		D6529FBE24A5419E009AE3FF /* UserSettings */ = {
			isa = PBXGroup;
			children = (
				D6529FAC24A4F246009AE3FF /* UserSettingsDefaultsService.swift */,
			);
			path = UserSettings;
			sourceTree = "<group>";
		};
		D6529FC124A54A92009AE3FF /* FilterList */ = {
			isa = PBXGroup;
			children = (
				D6233A6524A59F2800B37A6A /* AddFilterView.swift */,
				D6529FC224A54AAD009AE3FF /* FilterListView.swift */,
				D6529FC424A54ABA009AE3FF /* FilterListViewModel.swift */,
				D6379EB224AA852500FFD400 /* EmptyListView.swift */,
			);
			path = FilterList;
			sourceTree = "<group>";
		};
		D6529FC624A54AC7009AE3FF /* FilterStore */ = {
			isa = PBXGroup;
			children = (
				D6529FC824A54ADE009AE3FF /* FilterFileStore.swift */,
			);
			path = FilterStore;
			sourceTree = "<group>";
		};
		D6529FD324A550A9009AE3FF /* Models */ = {
			isa = PBXGroup;
			children = (
				D6529FD124A54D8C009AE3FF /* Filter.swift */,
				D60A19C624A69F1F0002E8BD /* SMSMessage.swift */,
			);
			path = Models;
			sourceTree = "<group>";
		};
		D664B24924AA998C00EB826D /* Extensions */ = {
			isa = PBXGroup;
			children = (
				D664B24724AA998700EB826D /* UIImage+Gradient.swift */,
			);
			path = Extensions;
			sourceTree = "<group>";
		};
		D664B28624AA9E3500EB826D /* App */ = {
			isa = PBXGroup;
			children = (
				D6529F7224A41371009AE3FF /* BouncerApp.swift */,
				D615898924A55FF800FE710A /* BaseView.swift */,
			);
			path = App;
			sourceTree = "<group>";
		};
		D679D67224AA758400579223 /* Config */ = {
			isa = PBXGroup;
			children = (
				D679D67324AA758C00579223 /* DesignConstants.swift */,
				D696B9E224AD15F300EF0373 /* AppStoreConstants.swift */,
			);
			path = Config;
			sourceTree = "<group>";
		};
/* End PBXGroup section */

/* Begin PBXNativeTarget section */
		D6233A6E24A650B700B37A6A /* SMSFilter */ = {
			isa = PBXNativeTarget;
			buildConfigurationList = D6233A7724A650B700B37A6A /* Build configuration list for PBXNativeTarget "SMSFilter" */;
			buildPhases = (
				D6233A6B24A650B700B37A6A /* Sources */,
				D6233A6C24A650B700B37A6A /* Frameworks */,
				D6233A6D24A650B700B37A6A /* Resources */,
			);
			buildRules = (
			);
			dependencies = (
			);
			name = SMSFilter;
			productName = SMSFilter;
			productReference = D6233A6F24A650B700B37A6A /* SMSFilter.appex */;
			productType = "com.apple.product-type.app-extension";
		};
		D6529F6E24A41371009AE3FF /* Bouncer */ = {
			isa = PBXNativeTarget;
			buildConfigurationList = D6529F9424A41372009AE3FF /* Build configuration list for PBXNativeTarget "Bouncer" */;
			buildPhases = (
				D6529F6C24A41371009AE3FF /* Frameworks */,
				D6529F6D24A41371009AE3FF /* Resources */,
				D6529F6B24A41371009AE3FF /* Sources */,
				D6233A7A24A650B700B37A6A /* Embed App Extensions */,
				D621CB3E24AB9FBF008883AA /* Increment Build Number */,
			);
			buildRules = (
			);
			dependencies = (
				D6233A7524A650B700B37A6A /* PBXTargetDependency */,
			);
			name = Bouncer;
			productName = Bouncer;
			productReference = D6529F6F24A41371009AE3FF /* Bouncer.app */;
			productType = "com.apple.product-type.application";
		};
		D6529F7F24A41372009AE3FF /* BouncerTests */ = {
			isa = PBXNativeTarget;
			buildConfigurationList = D6529F9724A41372009AE3FF /* Build configuration list for PBXNativeTarget "BouncerTests" */;
			buildPhases = (
				D6529F7C24A41372009AE3FF /* Sources */,
				D6529F7D24A41372009AE3FF /* Frameworks */,
				D6529F7E24A41372009AE3FF /* Resources */,
			);
			buildRules = (
			);
			dependencies = (
				D6529F8224A41372009AE3FF /* PBXTargetDependency */,
			);
			name = BouncerTests;
			productName = BouncerTests;
			productReference = D6529F8024A41372009AE3FF /* BouncerTests.xctest */;
			productType = "com.apple.product-type.bundle.unit-test";
		};
		D6529F8A24A41372009AE3FF /* BouncerUITests */ = {
			isa = PBXNativeTarget;
			buildConfigurationList = D6529F9A24A41372009AE3FF /* Build configuration list for PBXNativeTarget "BouncerUITests" */;
			buildPhases = (
				D6529F8724A41372009AE3FF /* Sources */,
				D6529F8824A41372009AE3FF /* Frameworks */,
				D6529F8924A41372009AE3FF /* Resources */,
			);
			buildRules = (
			);
			dependencies = (
				D6529F8D24A41372009AE3FF /* PBXTargetDependency */,
			);
			name = BouncerUITests;
			productName = BouncerUITests;
			productReference = D6529F8B24A41372009AE3FF /* BouncerUITests.xctest */;
			productType = "com.apple.product-type.bundle.ui-testing";
		};
/* End PBXNativeTarget section */

/* Begin PBXProject section */
		D6529F6724A41371009AE3FF /* Project object */ = {
			isa = PBXProject;
			attributes = {
				LastSwiftUpdateCheck = 1200;
				LastUpgradeCheck = 1200;
				TargetAttributes = {
					D6233A6E24A650B700B37A6A = {
						CreatedOnToolsVersion = 12.0;
					};
					D6529F6E24A41371009AE3FF = {
						CreatedOnToolsVersion = 12.0;
					};
					D6529F7F24A41372009AE3FF = {
						CreatedOnToolsVersion = 12.0;
						TestTargetID = D6529F6E24A41371009AE3FF;
					};
					D6529F8A24A41372009AE3FF = {
						CreatedOnToolsVersion = 12.0;
						TestTargetID = D6529F6E24A41371009AE3FF;
					};
				};
			};
			buildConfigurationList = D6529F6A24A41371009AE3FF /* Build configuration list for PBXProject "Bouncer" */;
			compatibilityVersion = "Xcode 12.0";
			developmentRegion = en;
			hasScannedForEncodings = 0;
			knownRegions = (
				en,
				es,
				Base,
			);
			mainGroup = D6529F6624A41371009AE3FF;
			productRefGroup = D6529F7024A41371009AE3FF /* Products */;
			projectDirPath = "";
			projectRoot = "";
			targets = (
				D6529F6E24A41371009AE3FF /* Bouncer */,
				D6529F7F24A41372009AE3FF /* BouncerTests */,
				D6529F8A24A41372009AE3FF /* BouncerUITests */,
				D6233A6E24A650B700B37A6A /* SMSFilter */,
			);
		};
/* End PBXProject section */

/* Begin PBXResourcesBuildPhase section */
		D6233A6D24A650B700B37A6A /* Resources */ = {
			isa = PBXResourcesBuildPhase;
			buildActionMask = 2147483647;
			files = (
			);
			runOnlyForDeploymentPostprocessing = 0;
		};
		D6529F6D24A41371009AE3FF /* Resources */ = {
			isa = PBXResourcesBuildPhase;
			buildActionMask = 2147483647;
			files = (
				D664B24424AA92AA00EB826D /* Colors.xcassets in Resources */,
				D621CB4324ABABF6008883AA /* Localizable.strings in Resources */,
				D664B24624AA92D200EB826D /* Assets.xcassets in Resources */,
				D6529F7A24A41372009AE3FF /* Preview Assets.xcassets in Resources */,
			);
			runOnlyForDeploymentPostprocessing = 0;
		};
		D6529F7E24A41372009AE3FF /* Resources */ = {
			isa = PBXResourcesBuildPhase;
			buildActionMask = 2147483647;
			files = (
			);
			runOnlyForDeploymentPostprocessing = 0;
		};
		D6529F8924A41372009AE3FF /* Resources */ = {
			isa = PBXResourcesBuildPhase;
			buildActionMask = 2147483647;
			files = (
			);
			runOnlyForDeploymentPostprocessing = 0;
		};
/* End PBXResourcesBuildPhase section */

/* Begin PBXShellScriptBuildPhase section */
		D621CB3E24AB9FBF008883AA /* Increment Build Number */ = {
			isa = PBXShellScriptBuildPhase;
			alwaysOutOfDate = 1;
			buildActionMask = 2147483647;
			files = (
			);
			inputFileListPaths = (
			);
			inputPaths = (
			);
			name = "Increment Build Number";
			outputFileListPaths = (
			);
			outputPaths = (
			);
			runOnlyForDeploymentPostprocessing = 0;
			shellPath = /bin/sh;
			shellScript = "git=`sh /etc/profile; which git`\nbundleVersion=`\"$git\" rev-list --all |wc -l`\n/usr/libexec/PlistBuddy -c \"Set :CFBundleVersion $bundleVersion\" \"${PROJECT_DIR}/${INFOPLIST_FILE}\"\n";
			showEnvVarsInLog = 0;
		};
/* End PBXShellScriptBuildPhase section */

/* Begin PBXSourcesBuildPhase section */
		D6233A6B24A650B700B37A6A /* Sources */ = {
			isa = PBXSourcesBuildPhase;
			buildActionMask = 2147483647;
			files = (
				D6233A8324A653F200B37A6A /* FilterFileStore.swift in Sources */,
				D60A19C824A6A2C80002E8BD /* SMSMessage.swift in Sources */,
				D6233A8424A653FB00B37A6A /* Filter.swift in Sources */,
				D6233A8124A6538D00B37A6A /* SMSFilterLocal.swift in Sources */,
				D6233A7224A650B700B37A6A /* MessageFilterExtension.swift in Sources */,
			);
			runOnlyForDeploymentPostprocessing = 0;
		};
		D6529F6B24A41371009AE3FF /* Sources */ = {
			isa = PBXSourcesBuildPhase;
			buildActionMask = 2147483647;
			files = (
				D6233A7F24A651A200B37A6A /* SMSFilterLocal.swift in Sources */,
				D6529F9F24A413A6009AE3FF /* TutorialView.swift in Sources */,
				D60A19C724A69F1F0002E8BD /* SMSMessage.swift in Sources */,
				D664B24824AA998700EB826D /* UIImage+Gradient.swift in Sources */,
				D6529FCB24A54ADE009AE3FF /* FilterFileStore.swift in Sources */,
				D6379EB324AA852500FFD400 /* EmptyListView.swift in Sources */,
				D696B9E324AD15F300EF0373 /* AppStoreConstants.swift in Sources */,
				D6529FD224A54D8C009AE3FF /* Filter.swift in Sources */,
				D6233A6624A59F2800B37A6A /* AddFilterView.swift in Sources */,
				D6529FC324A54AAD009AE3FF /* FilterListView.swift in Sources */,
				D6529FA424A413EB009AE3FF /* BackgroundView.swift in Sources */,
				D6529FAE24A4F246009AE3FF /* UserSettingsDefaultsService.swift in Sources */,
				D6529FB724A50B1F009AE3FF /* InstructionsView.swift in Sources */,
				D679D67424AA758C00579223 /* DesignConstants.swift in Sources */,
				D6529F7324A41371009AE3FF /* BouncerApp.swift in Sources */,
				D6529FC524A54ABA009AE3FF /* FilterListViewModel.swift in Sources */,
				D615898A24A55FF800FE710A /* BaseView.swift in Sources */,
			);
			runOnlyForDeploymentPostprocessing = 0;
		};
		D6529F7C24A41372009AE3FF /* Sources */ = {
			isa = PBXSourcesBuildPhase;
			buildActionMask = 2147483647;
			files = (
				D6529F8524A41372009AE3FF /* BouncerTests.swift in Sources */,
			);
			runOnlyForDeploymentPostprocessing = 0;
		};
		D6529F8724A41372009AE3FF /* Sources */ = {
			isa = PBXSourcesBuildPhase;
			buildActionMask = 2147483647;
			files = (
				D6529F9024A41372009AE3FF /* BouncerUITests.swift in Sources */,
			);
			runOnlyForDeploymentPostprocessing = 0;
		};
/* End PBXSourcesBuildPhase section */

/* Begin PBXTargetDependency section */
		D6233A7524A650B700B37A6A /* PBXTargetDependency */ = {
			isa = PBXTargetDependency;
			target = D6233A6E24A650B700B37A6A /* SMSFilter */;
			targetProxy = D6233A7424A650B700B37A6A /* PBXContainerItemProxy */;
		};
		D6529F8224A41372009AE3FF /* PBXTargetDependency */ = {
			isa = PBXTargetDependency;
			target = D6529F6E24A41371009AE3FF /* Bouncer */;
			targetProxy = D6529F8124A41372009AE3FF /* PBXContainerItemProxy */;
		};
		D6529F8D24A41372009AE3FF /* PBXTargetDependency */ = {
			isa = PBXTargetDependency;
			target = D6529F6E24A41371009AE3FF /* Bouncer */;
			targetProxy = D6529F8C24A41372009AE3FF /* PBXContainerItemProxy */;
		};
/* End PBXTargetDependency section */

/* Begin PBXVariantGroup section */
		D621CB4524ABABF6008883AA /* Localizable.strings */ = {
			isa = PBXVariantGroup;
			children = (
				D621CB4424ABABF6008883AA /* es */,
				D621CB4724ABC56E008883AA /* en */,
			);
			name = Localizable.strings;
			sourceTree = "<group>";
		};
/* End PBXVariantGroup section */

/* Begin XCBuildConfiguration section */
		D6233A7824A650B700B37A6A /* Debug */ = {
			isa = XCBuildConfiguration;
			buildSettings = {
				CODE_SIGN_ENTITLEMENTS = SMSFilter/SMSFilter.entitlements;
				CODE_SIGN_STYLE = Automatic;
				DEVELOPMENT_TEAM = JM9222EF99;
				INFOPLIST_FILE = SMSFilter/Info.plist;
				LD_RUNPATH_SEARCH_PATHS = (
					"$(inherited)",
					"@executable_path/Frameworks",
					"@executable_path/../../Frameworks",
				);
				PRODUCT_BUNDLE_IDENTIFIER = com.banshai.bouncer.smsfilter;
				PRODUCT_NAME = "$(TARGET_NAME)";
				SKIP_INSTALL = YES;
				SWIFT_VERSION = 5.0;
				TARGETED_DEVICE_FAMILY = "1,2";
			};
			name = Debug;
		};
		D6233A7924A650B700B37A6A /* Release */ = {
			isa = XCBuildConfiguration;
			buildSettings = {
				CODE_SIGN_ENTITLEMENTS = SMSFilter/SMSFilter.entitlements;
				CODE_SIGN_STYLE = Automatic;
				DEVELOPMENT_TEAM = JM9222EF99;
				INFOPLIST_FILE = SMSFilter/Info.plist;
				LD_RUNPATH_SEARCH_PATHS = (
					"$(inherited)",
					"@executable_path/Frameworks",
					"@executable_path/../../Frameworks",
				);
				PRODUCT_BUNDLE_IDENTIFIER = com.banshai.bouncer.smsfilter;
				PRODUCT_NAME = "$(TARGET_NAME)";
				SKIP_INSTALL = YES;
				SWIFT_VERSION = 5.0;
				TARGETED_DEVICE_FAMILY = "1,2";
			};
			name = Release;
		};
		D6529F9224A41372009AE3FF /* Debug */ = {
			isa = XCBuildConfiguration;
			buildSettings = {
				ALWAYS_SEARCH_USER_PATHS = NO;
				CLANG_ANALYZER_NONNULL = YES;
				CLANG_ANALYZER_NUMBER_OBJECT_CONVERSION = YES_AGGRESSIVE;
				CLANG_CXX_LANGUAGE_STANDARD = "gnu++14";
				CLANG_CXX_LIBRARY = "libc++";
				CLANG_ENABLE_MODULES = YES;
				CLANG_ENABLE_OBJC_ARC = YES;
				CLANG_ENABLE_OBJC_WEAK = YES;
				CLANG_WARN_BLOCK_CAPTURE_AUTORELEASING = YES;
				CLANG_WARN_BOOL_CONVERSION = YES;
				CLANG_WARN_COMMA = YES;
				CLANG_WARN_CONSTANT_CONVERSION = YES;
				CLANG_WARN_DEPRECATED_OBJC_IMPLEMENTATIONS = YES;
				CLANG_WARN_DIRECT_OBJC_ISA_USAGE = YES_ERROR;
				CLANG_WARN_DOCUMENTATION_COMMENTS = YES;
				CLANG_WARN_EMPTY_BODY = YES;
				CLANG_WARN_ENUM_CONVERSION = YES;
				CLANG_WARN_INFINITE_RECURSION = YES;
				CLANG_WARN_INT_CONVERSION = YES;
				CLANG_WARN_NON_LITERAL_NULL_CONVERSION = YES;
				CLANG_WARN_OBJC_IMPLICIT_RETAIN_SELF = YES;
				CLANG_WARN_OBJC_LITERAL_CONVERSION = YES;
				CLANG_WARN_OBJC_ROOT_CLASS = YES_ERROR;
				CLANG_WARN_QUOTED_INCLUDE_IN_FRAMEWORK_HEADER = YES;
				CLANG_WARN_RANGE_LOOP_ANALYSIS = YES;
				CLANG_WARN_STRICT_PROTOTYPES = YES;
				CLANG_WARN_SUSPICIOUS_MOVE = YES;
				CLANG_WARN_UNGUARDED_AVAILABILITY = YES_AGGRESSIVE;
				CLANG_WARN_UNREACHABLE_CODE = YES;
				CLANG_WARN__DUPLICATE_METHOD_MATCH = YES;
				COPY_PHASE_STRIP = NO;
				DEBUG_INFORMATION_FORMAT = dwarf;
				ENABLE_STRICT_OBJC_MSGSEND = YES;
				ENABLE_TESTABILITY = YES;
				GCC_C_LANGUAGE_STANDARD = gnu11;
				GCC_DYNAMIC_NO_PIC = NO;
				GCC_NO_COMMON_BLOCKS = YES;
				GCC_OPTIMIZATION_LEVEL = 0;
				GCC_PREPROCESSOR_DEFINITIONS = (
					"DEBUG=1",
					"$(inherited)",
				);
				GCC_WARN_64_TO_32_BIT_CONVERSION = YES;
				GCC_WARN_ABOUT_RETURN_TYPE = YES_ERROR;
				GCC_WARN_UNDECLARED_SELECTOR = YES;
				GCC_WARN_UNINITIALIZED_AUTOS = YES_AGGRESSIVE;
				GCC_WARN_UNUSED_FUNCTION = YES;
				GCC_WARN_UNUSED_VARIABLE = YES;
				IPHONEOS_DEPLOYMENT_TARGET = 14.0;
				MTL_ENABLE_DEBUG_INFO = INCLUDE_SOURCE;
				MTL_FAST_MATH = YES;
				ONLY_ACTIVE_ARCH = YES;
				SDKROOT = iphoneos;
				SWIFT_ACTIVE_COMPILATION_CONDITIONS = DEBUG;
				SWIFT_OPTIMIZATION_LEVEL = "-Onone";
			};
			name = Debug;
		};
		D6529F9324A41372009AE3FF /* Release */ = {
			isa = XCBuildConfiguration;
			buildSettings = {
				ALWAYS_SEARCH_USER_PATHS = NO;
				CLANG_ANALYZER_NONNULL = YES;
				CLANG_ANALYZER_NUMBER_OBJECT_CONVERSION = YES_AGGRESSIVE;
				CLANG_CXX_LANGUAGE_STANDARD = "gnu++14";
				CLANG_CXX_LIBRARY = "libc++";
				CLANG_ENABLE_MODULES = YES;
				CLANG_ENABLE_OBJC_ARC = YES;
				CLANG_ENABLE_OBJC_WEAK = YES;
				CLANG_WARN_BLOCK_CAPTURE_AUTORELEASING = YES;
				CLANG_WARN_BOOL_CONVERSION = YES;
				CLANG_WARN_COMMA = YES;
				CLANG_WARN_CONSTANT_CONVERSION = YES;
				CLANG_WARN_DEPRECATED_OBJC_IMPLEMENTATIONS = YES;
				CLANG_WARN_DIRECT_OBJC_ISA_USAGE = YES_ERROR;
				CLANG_WARN_DOCUMENTATION_COMMENTS = YES;
				CLANG_WARN_EMPTY_BODY = YES;
				CLANG_WARN_ENUM_CONVERSION = YES;
				CLANG_WARN_INFINITE_RECURSION = YES;
				CLANG_WARN_INT_CONVERSION = YES;
				CLANG_WARN_NON_LITERAL_NULL_CONVERSION = YES;
				CLANG_WARN_OBJC_IMPLICIT_RETAIN_SELF = YES;
				CLANG_WARN_OBJC_LITERAL_CONVERSION = YES;
				CLANG_WARN_OBJC_ROOT_CLASS = YES_ERROR;
				CLANG_WARN_QUOTED_INCLUDE_IN_FRAMEWORK_HEADER = YES;
				CLANG_WARN_RANGE_LOOP_ANALYSIS = YES;
				CLANG_WARN_STRICT_PROTOTYPES = YES;
				CLANG_WARN_SUSPICIOUS_MOVE = YES;
				CLANG_WARN_UNGUARDED_AVAILABILITY = YES_AGGRESSIVE;
				CLANG_WARN_UNREACHABLE_CODE = YES;
				CLANG_WARN__DUPLICATE_METHOD_MATCH = YES;
				COPY_PHASE_STRIP = NO;
				DEBUG_INFORMATION_FORMAT = "dwarf-with-dsym";
				ENABLE_NS_ASSERTIONS = NO;
				ENABLE_STRICT_OBJC_MSGSEND = YES;
				GCC_C_LANGUAGE_STANDARD = gnu11;
				GCC_NO_COMMON_BLOCKS = YES;
				GCC_WARN_64_TO_32_BIT_CONVERSION = YES;
				GCC_WARN_ABOUT_RETURN_TYPE = YES_ERROR;
				GCC_WARN_UNDECLARED_SELECTOR = YES;
				GCC_WARN_UNINITIALIZED_AUTOS = YES_AGGRESSIVE;
				GCC_WARN_UNUSED_FUNCTION = YES;
				GCC_WARN_UNUSED_VARIABLE = YES;
				IPHONEOS_DEPLOYMENT_TARGET = 14.0;
				MTL_ENABLE_DEBUG_INFO = NO;
				MTL_FAST_MATH = YES;
				SDKROOT = iphoneos;
				SWIFT_COMPILATION_MODE = wholemodule;
				SWIFT_OPTIMIZATION_LEVEL = "-O";
				VALIDATE_PRODUCT = YES;
			};
			name = Release;
		};
		D6529F9524A41372009AE3FF /* Debug */ = {
			isa = XCBuildConfiguration;
			buildSettings = {
				ALWAYS_EMBED_SWIFT_STANDARD_LIBRARIES = YES;
				ASSETCATALOG_COMPILER_APPICON_NAME = AppIcon;
				ASSETCATALOG_COMPILER_GLOBAL_ACCENT_COLOR_NAME = AccentColor;
				CODE_SIGN_ENTITLEMENTS = Bouncer/Bouncer.entitlements;
				CODE_SIGN_STYLE = Automatic;
				CURRENT_PROJECT_VERSION = 1;
				DEVELOPMENT_ASSET_PATHS = "\"Bouncer/Preview Content\"";
				DEVELOPMENT_TEAM = JM9222EF99;
				ENABLE_PREVIEWS = YES;
				INFOPLIST_FILE = Bouncer/Info.plist;
				IPHONEOS_DEPLOYMENT_TARGET = 14.0;
				LD_RUNPATH_SEARCH_PATHS = (
					"$(inherited)",
					"@executable_path/Frameworks",
				);
				MARKETING_VERSION = 2.0.0;
				PRODUCT_BUNDLE_IDENTIFIER = com.banshai.bouncer;
				PRODUCT_NAME = "$(TARGET_NAME)";
				SWIFT_VERSION = 5.0;
				TARGETED_DEVICE_FAMILY = 1;
			};
			name = Debug;
		};
		D6529F9624A41372009AE3FF /* Release */ = {
			isa = XCBuildConfiguration;
			buildSettings = {
				ALWAYS_EMBED_SWIFT_STANDARD_LIBRARIES = YES;
				ASSETCATALOG_COMPILER_APPICON_NAME = AppIcon;
				ASSETCATALOG_COMPILER_GLOBAL_ACCENT_COLOR_NAME = AccentColor;
				CODE_SIGN_ENTITLEMENTS = Bouncer/Bouncer.entitlements;
				CODE_SIGN_STYLE = Automatic;
				CURRENT_PROJECT_VERSION = 1;
				DEVELOPMENT_ASSET_PATHS = "\"Bouncer/Preview Content\"";
				DEVELOPMENT_TEAM = JM9222EF99;
				ENABLE_PREVIEWS = YES;
				INFOPLIST_FILE = Bouncer/Info.plist;
				IPHONEOS_DEPLOYMENT_TARGET = 14.0;
				LD_RUNPATH_SEARCH_PATHS = (
					"$(inherited)",
					"@executable_path/Frameworks",
				);
				MARKETING_VERSION = 2.0.0;
				PRODUCT_BUNDLE_IDENTIFIER = com.banshai.bouncer;
				PRODUCT_NAME = "$(TARGET_NAME)";
				SWIFT_VERSION = 5.0;
				TARGETED_DEVICE_FAMILY = 1;
			};
			name = Release;
		};
		D6529F9824A41372009AE3FF /* Debug */ = {
			isa = XCBuildConfiguration;
			buildSettings = {
				ALWAYS_EMBED_SWIFT_STANDARD_LIBRARIES = YES;
				BUNDLE_LOADER = "$(TEST_HOST)";
				CODE_SIGN_STYLE = Automatic;
				DEVELOPMENT_TEAM = JM9222EF99;
				INFOPLIST_FILE = BouncerTests/Info.plist;
				IPHONEOS_DEPLOYMENT_TARGET = 14.0;
				LD_RUNPATH_SEARCH_PATHS = (
					"$(inherited)",
					"@executable_path/Frameworks",
					"@loader_path/Frameworks",
				);
				PRODUCT_BUNDLE_IDENTIFIER = com.banshai.BouncerTests;
				PRODUCT_NAME = "$(TARGET_NAME)";
				SWIFT_VERSION = 5.0;
				TARGETED_DEVICE_FAMILY = "1,2";
				TEST_HOST = "$(BUILT_PRODUCTS_DIR)/Bouncer.app/Bouncer";
			};
			name = Debug;
		};
		D6529F9924A41372009AE3FF /* Release */ = {
			isa = XCBuildConfiguration;
			buildSettings = {
				ALWAYS_EMBED_SWIFT_STANDARD_LIBRARIES = YES;
				BUNDLE_LOADER = "$(TEST_HOST)";
				CODE_SIGN_STYLE = Automatic;
				DEVELOPMENT_TEAM = JM9222EF99;
				INFOPLIST_FILE = BouncerTests/Info.plist;
				IPHONEOS_DEPLOYMENT_TARGET = 14.0;
				LD_RUNPATH_SEARCH_PATHS = (
					"$(inherited)",
					"@executable_path/Frameworks",
					"@loader_path/Frameworks",
				);
				PRODUCT_BUNDLE_IDENTIFIER = com.banshai.BouncerTests;
				PRODUCT_NAME = "$(TARGET_NAME)";
				SWIFT_VERSION = 5.0;
				TARGETED_DEVICE_FAMILY = "1,2";
				TEST_HOST = "$(BUILT_PRODUCTS_DIR)/Bouncer.app/Bouncer";
			};
			name = Release;
		};
		D6529F9B24A41372009AE3FF /* Debug */ = {
			isa = XCBuildConfiguration;
			buildSettings = {
				ALWAYS_EMBED_SWIFT_STANDARD_LIBRARIES = YES;
				CODE_SIGN_STYLE = Automatic;
				DEVELOPMENT_TEAM = JM9222EF99;
				INFOPLIST_FILE = BouncerUITests/Info.plist;
				LD_RUNPATH_SEARCH_PATHS = (
					"$(inherited)",
					"@executable_path/Frameworks",
					"@loader_path/Frameworks",
				);
				PRODUCT_BUNDLE_IDENTIFIER = com.banshai.BouncerUITests;
				PRODUCT_NAME = "$(TARGET_NAME)";
				SWIFT_VERSION = 5.0;
				TARGETED_DEVICE_FAMILY = "1,2";
				TEST_TARGET_NAME = Bouncer;
			};
			name = Debug;
		};
		D6529F9C24A41372009AE3FF /* Release */ = {
			isa = XCBuildConfiguration;
			buildSettings = {
				ALWAYS_EMBED_SWIFT_STANDARD_LIBRARIES = YES;
				CODE_SIGN_STYLE = Automatic;
				DEVELOPMENT_TEAM = JM9222EF99;
				INFOPLIST_FILE = BouncerUITests/Info.plist;
				LD_RUNPATH_SEARCH_PATHS = (
					"$(inherited)",
					"@executable_path/Frameworks",
					"@loader_path/Frameworks",
				);
				PRODUCT_BUNDLE_IDENTIFIER = com.banshai.BouncerUITests;
				PRODUCT_NAME = "$(TARGET_NAME)";
				SWIFT_VERSION = 5.0;
				TARGETED_DEVICE_FAMILY = "1,2";
				TEST_TARGET_NAME = Bouncer;
			};
			name = Release;
		};
/* End XCBuildConfiguration section */

/* Begin XCConfigurationList section */
		D6233A7724A650B700B37A6A /* Build configuration list for PBXNativeTarget "SMSFilter" */ = {
			isa = XCConfigurationList;
			buildConfigurations = (
				D6233A7824A650B700B37A6A /* Debug */,
				D6233A7924A650B700B37A6A /* Release */,
			);
			defaultConfigurationIsVisible = 0;
			defaultConfigurationName = Release;
		};
		D6529F6A24A41371009AE3FF /* Build configuration list for PBXProject "Bouncer" */ = {
			isa = XCConfigurationList;
			buildConfigurations = (
				D6529F9224A41372009AE3FF /* Debug */,
				D6529F9324A41372009AE3FF /* Release */,
			);
			defaultConfigurationIsVisible = 0;
			defaultConfigurationName = Release;
		};
		D6529F9424A41372009AE3FF /* Build configuration list for PBXNativeTarget "Bouncer" */ = {
			isa = XCConfigurationList;
			buildConfigurations = (
				D6529F9524A41372009AE3FF /* Debug */,
				D6529F9624A41372009AE3FF /* Release */,
			);
			defaultConfigurationIsVisible = 0;
			defaultConfigurationName = Release;
		};
		D6529F9724A41372009AE3FF /* Build configuration list for PBXNativeTarget "BouncerTests" */ = {
			isa = XCConfigurationList;
			buildConfigurations = (
				D6529F9824A41372009AE3FF /* Debug */,
				D6529F9924A41372009AE3FF /* Release */,
			);
			defaultConfigurationIsVisible = 0;
			defaultConfigurationName = Release;
		};
		D6529F9A24A41372009AE3FF /* Build configuration list for PBXNativeTarget "BouncerUITests" */ = {
			isa = XCConfigurationList;
			buildConfigurations = (
				D6529F9B24A41372009AE3FF /* Debug */,
				D6529F9C24A41372009AE3FF /* Release */,
			);
			defaultConfigurationIsVisible = 0;
			defaultConfigurationName = Release;
		};
/* End XCConfigurationList section */
	};
	rootObject = D6529F6724A41371009AE3FF /* Project object */;
}
